
Microsoft Visual Studio Solution File, Format Version 12.00
# Visual Studio 15
VisualStudioVersion = 15.0.28307.168
MinimumVisualStudioVersion = 10.0.40219.1
Project("{FAE04EC0-301F-11D3-BF4B-00C04F79EFBC}") = "TL.Module.Template.Wizards", "TL.Module.Template.Wizards\TL.Module.Template.Wizards.csproj", "{6A660E41-7668-4299-8B7B-3AAC6C22687C}"
EndProject
Project("{FAE04EC0-301F-11D3-BF4B-00C04F79EFBC}") = "TL.Module.Template", "TL.Module.Template\TL.Module.Template.csproj", "{CC0469D6-F51C-4A19-94D4-F05162A144AA}"
EndProject
Project("{FAE04EC0-301F-11D3-BF4B-00C04F79EFBC}") = "TL.Engine.VSIX", "TL.Engine.VSIX\TL.Engine.VSIX.csproj", "{5CF6E688-1B33-4F4E-8CFF-DA614D02198D}"
EndProject
Global
	GlobalSection(SolutionConfigurationPlatforms) = preSolution
		Debug|Any CPU = Debug|Any CPU
		Release|Any CPU = Release|Any CPU
	EndGlobalSection
	GlobalSection(ProjectConfigurationPlatforms) = postSolution
		{6A660E41-7668-4299-8B7B-3AAC6C22687C}.Debug|Any CPU.ActiveCfg = Debug|Any CPU
		{6A660E41-7668-4299-8B7B-3AAC6C22687C}.Debug|Any CPU.Build.0 = Debug|Any CPU
		{6A660E41-7668-4299-8B7B-3AAC6C22687C}.Release|Any CPU.ActiveCfg = Release|Any CPU
		{6A660E41-7668-4299-8B7B-3AAC6C22687C}.Release|Any CPU.Build.0 = Release|Any CPU
		{CC0469D6-F51C-4A19-94D4-F05162A144AA}.Debug|Any CPU.ActiveCfg = Debug|Any CPU
		{CC0469D6-F51C-4A19-94D4-F05162A144AA}.Debug|Any CPU.Build.0 = Debug|Any CPU
		{CC0469D6-F51C-4A19-94D4-F05162A144AA}.Release|Any CPU.ActiveCfg = Release|Any CPU
		{CC0469D6-F51C-4A19-94D4-F05162A144AA}.Release|Any CPU.Build.0 = Release|Any CPU
		{5CF6E688-1B33-4F4E-8CFF-DA614D02198D}.Debug|Any CPU.ActiveCfg = Debug|Any CPU
		{5CF6E688-1B33-4F4E-8CFF-DA614D02198D}.Debug|Any CPU.Build.0 = Debug|Any CPU
		{5CF6E688-1B33-4F4E-8CFF-DA614D02198D}.Release|Any CPU.ActiveCfg = Release|Any CPU
		{5CF6E688-1B33-4F4E-8CFF-DA614D02198D}.Release|Any CPU.Build.0 = Release|Any CPU
	EndGlobalSection
	GlobalSection(SolutionProperties) = preSolution
		HideSolutionNode = FALSE
	EndGlobalSection
	GlobalSection(ExtensibilityGlobals) = postSolution
		SolutionGuid = {3974E00A-0D20-4D18-A59E-D129528B7184}
	EndGlobalSection
EndGlobal
