
Microsoft Visual Studio Solution File, Format Version 12.00
# Visual Studio 15
VisualStudioVersion = 15.0.28307.168
MinimumVisualStudioVersion = 10.0.40219.1
Project("{9A19103F-16F7-4668-BE54-9A1E7A4F7556}") = "TL.Engine", "TL.Engine\TL.Engine.csproj", "{E0BF139D-174D-4F9A-8CC6-735BDD7961B3}"
EndProject
Project("{9A19103F-16F7-4668-BE54-9A1E7A4F7556}") = "TL.Engine.Web", "TL.Extensions\Engine\TL.Engine.Web\TL.Engine.Web.csproj", "{8E78EBF9-9C6B-42A4-8098-003898C86005}"
EndProject
Project("{9A19103F-16F7-4668-BE54-9A1E7A4F7556}") = "TL.Engine.Data", "TL.Extensions\Engine\TL.Engine.Data\TL.Engine.Data.csproj", "{8066AA03-CDF7-4C65-98E2-F9302A4212E2}"
EndProject
Project("{9A19103F-16F7-4668-BE54-9A1E7A4F7556}") = "TL.Engine.Data.Entities", "TL.Extensions\Engine\TL.Engine.Data.Entities\TL.Engine.Data.Entities.csproj", "{8B10F36C-71A9-4469-A4B0-CB6091B1EE9B}"
EndProject
Project("{9A19103F-16F7-4668-BE54-9A1E7A4F7556}") = "TL.Engine.Data.Abstractions", "TL.Extensions\Engine\TL.Engine.Data.Abstractions\TL.Engine.Data.Abstractions.csproj", "{97E6C6FB-9090-436E-AD38-38CC9EA89220}"
EndProject
Project("{9A19103F-16F7-4668-BE54-9A1E7A4F7556}") = "TL.Engine.Data.EntityFramework", "TL.Extensions\Engine\TL.Engine.Data.EntityFramework\TL.Engine.Data.EntityFramework.csproj", "{E940C038-59D5-4172-8919-C3E0C1CB526C}"
EndProject
Project("{2150E333-8FDC-42A3-9474-1A3956D46DE8}") = "Modules", "Modules", "{0B766231-C411-4BBA-9A38-3BC69CA83D56}"
EndProject
Project("{9A19103F-16F7-4668-BE54-9A1E7A4F7556}") = "TL.Engine.SDK", "TL.Extensions\Engine\TL.Engine.SDK\TL.Engine.SDK.csproj", "{50080C53-8390-4610-A951-918C481E8820}"
EndProject
Project("{2150E333-8FDC-42A3-9474-1A3956D46DE8}") = "Engine", "Engine", "{2490AE47-A520-43B3-926F-23383C1EC299}"
EndProject
Project("{2150E333-8FDC-42A3-9474-1A3956D46DE8}") = "Core", "Core", "{088D2108-C6D4-4D7E-AFDE-7308D45CB162}"
EndProject
Project("{2150E333-8FDC-42A3-9474-1A3956D46DE8}") = "Account", "Account", "{77AA560D-4079-4C2B-8E29-3494704CC7AE}"
EndProject
Project("{9A19103F-16F7-4668-BE54-9A1E7A4F7556}") = "TL.Account.SDK", "TL.Extensions\Account\TL.Account.SDK\TL.Account.SDK.csproj", "{229C8253-FF3B-479B-B492-3FF3044E87D9}"
EndProject
Project("{9A19103F-16F7-4668-BE54-9A1E7A4F7556}") = "TL.Account.Data.Entities", "TL.Extensions\Account\TL.Account.Data.Entities\TL.Account.Data.Entities.csproj", "{DA4B327B-274D-47CF-82AB-14D83A9C9B92}"
EndProject
Project("{9A19103F-16F7-4668-BE54-9A1E7A4F7556}") = "TL.Account.Data.Abstractions", "TL.Extensions\Account\TL.Account.Data.Abstractions\TL.Account.Data.Abstractions.csproj", "{8C976651-7FD5-4889-AE8A-395F5D8B9282}"
EndProject
Project("{9A19103F-16F7-4668-BE54-9A1E7A4F7556}") = "TL.Account.Data.EntityFramework", "TL.Extensions\Account\TL.Account.Data.EntityFramework\TL.Account.Data.EntityFramework.csproj", "{A899959E-A89C-4583-A983-43CDFCC0E171}"
EndProject
Project("{9A19103F-16F7-4668-BE54-9A1E7A4F7556}") = "TL.Account.Data", "TL.Extensions\Account\TL.Account.Data\TL.Account.Data.csproj", "{778BA579-11C0-4F16-BE40-15FA77754F00}"
EndProject
Project("{9A19103F-16F7-4668-BE54-9A1E7A4F7556}") = "TL.Account.Web", "TL.Extensions\Account\TL.Account.Web\TL.Account.Web.csproj", "{8EAFCF27-E8AB-479D-88AF-48A864EC274A}"
EndProject
Project("{9A19103F-16F7-4668-BE54-9A1E7A4F7556}") = "TL.Account", "TL.Extensions\Account\TL.Account\TL.Account.csproj", "{FE6152B5-7FD9-4EE5-BD79-95BC466FE104}"
EndProject
Project("{2150E333-8FDC-42A3-9474-1A3956D46DE8}") = "Api", "Api", "{EDAD137E-CF8A-47F1-B415-0D68D01A4414}"
EndProject
Project("{9A19103F-16F7-4668-BE54-9A1E7A4F7556}") = "TL.Api.SDK", "TL.Extensions\Api\TL.Api.SDK\TL.Api.SDK.csproj", "{E594ADD2-A635-4F69-AE73-CE13B8A6A6E5}"
EndProject
Project("{9A19103F-16F7-4668-BE54-9A1E7A4F7556}") = "TL.Api.Data.Entities", "TL.Extensions\Api\TL.Api.Data.Entities\TL.Api.Data.Entities.csproj", "{2431F97E-A330-44D4-AEC1-38794FCA78A1}"
EndProject
Project("{9A19103F-16F7-4668-BE54-9A1E7A4F7556}") = "TL.Api.Data.Abstractions", "TL.Extensions\Api\TL.Api.Data.Abstractions\TL.Api.Data.Abstractions.csproj", "{74C4546F-46CC-405F-ABA7-60BC89B06327}"
EndProject
Project("{9A19103F-16F7-4668-BE54-9A1E7A4F7556}") = "TL.Api.Data.EntityFramework", "TL.Extensions\Api\TL.Api.Data.EntityFramework\TL.Api.Data.EntityFramework.csproj", "{2A010D77-3916-4320-9095-790257605164}"
EndProject
Project("{9A19103F-16F7-4668-BE54-9A1E7A4F7556}") = "TL.Api.Data", "TL.Extensions\Api\TL.Api.Data\TL.Api.Data.csproj", "{1DE41F76-68EB-4350-A621-98DAF93D69EA}"
EndProject
Project("{9A19103F-16F7-4668-BE54-9A1E7A4F7556}") = "TL.Api.Web", "TL.Extensions\Api\TL.Api.Web\TL.Api.Web.csproj", "{DAEA0155-5D26-4589-B5EE-49232FB4083B}"
EndProject
Project("{9A19103F-16F7-4668-BE54-9A1E7A4F7556}") = "TL.Api", "TL.Extensions\Api\TL.Api\TL.Api.csproj", "{E2B7A57D-EFCD-4E06-B391-4760E6CC647A}"
EndProject
Project("{2150E333-8FDC-42A3-9474-1A3956D46DE8}") = "Integrations", "Integrations", "{D40FE039-CB94-49A3-883B-89F48670C39C}"
EndProject
Project("{9A19103F-16F7-4668-BE54-9A1E7A4F7556}") = "TL.Integrations.SDK", "TL.Extensions\Integrations\TL.Integrations.SDK\TL.Integrations.SDK.csproj", "{4F393BF9-5A52-4471-AE71-95EA1C745A17}"
EndProject
Project("{9A19103F-16F7-4668-BE54-9A1E7A4F7556}") = "TL.Integrations.Data.Entities", "TL.Extensions\Integrations\TL.Integrations.Data.Entities\TL.Integrations.Data.Entities.csproj", "{87988976-6BE9-4F80-8C0B-D5DC93DD5D02}"
EndProject
Project("{9A19103F-16F7-4668-BE54-9A1E7A4F7556}") = "TL.Integrations.Data.Abstractions", "TL.Extensions\Integrations\TL.Integrations.Data.Abstractions\TL.Integrations.Data.Abstractions.csproj", "{D41E1087-9891-4427-B0A7-1D5BD3BB4C71}"
EndProject
Project("{9A19103F-16F7-4668-BE54-9A1E7A4F7556}") = "TL.Integrations.Data.EntityFramework", "TL.Extensions\Integrations\TL.Integrations.Data.EntityFramework\TL.Integrations.Data.EntityFramework.csproj", "{25CE296A-F1E8-429B-B436-00FE6E6E1BF1}"
EndProject
Project("{9A19103F-16F7-4668-BE54-9A1E7A4F7556}") = "TL.Integrations.Data", "TL.Extensions\Integrations\TL.Integrations.Data\TL.Integrations.Data.csproj", "{2A0985D4-152B-4850-8DCF-0EA4992D797E}"
EndProject
Project("{9A19103F-16F7-4668-BE54-9A1E7A4F7556}") = "TL.Integrations.Web", "TL.Extensions\Integrations\TL.Integrations.Web\TL.Integrations.Web.csproj", "{0C7414A4-E4C5-4D5C-A186-4496BC536911}"
EndProject
Project("{9A19103F-16F7-4668-BE54-9A1E7A4F7556}") = "TL.Integrations", "TL.Extensions\Integrations\TL.Integrations\TL.Integrations.csproj", "{E258FABC-0033-485D-9C6B-D35A4D440720}"
EndProject
Project("{9A19103F-16F7-4668-BE54-9A1E7A4F7556}") = "TL.Integrations.Telegram", "TL.Extensions\Integrations\TL.Integrations.Telegram\TL.Integrations.Telegram.csproj", "{47D7A595-97DE-42AA-B514-0A8CC1E099B4}"
EndProject
Project("{2150E333-8FDC-42A3-9474-1A3956D46DE8}") = "Blog", "Blog", "{601E7CDE-52D7-4E31-A828-358B008F498F}"
EndProject
Project("{FAE04EC0-301F-11D3-BF4B-00C04F79EFBC}") = "TL.Blog.SDK", "TL.Extensions\Blog\TL.Blog.SDK\TL.Blog.SDK.csproj", "{D815DCCA-A4AA-434B-8C3D-404A53C6F428}"
EndProject
Project("{FAE04EC0-301F-11D3-BF4B-00C04F79EFBC}") = "TL.Blog.Data.Entities", "TL.Extensions\Blog\TL.Blog.Data.Entities\TL.Blog.Data.Entities.csproj", "{D8851153-268F-4616-A21D-F86D3517EC4C}"
EndProject
Project("{FAE04EC0-301F-11D3-BF4B-00C04F79EFBC}") = "TL.Blog.Data.Abstractions", "TL.Extensions\Blog\TL.Blog.Data.Abstractions\TL.Blog.Data.Abstractions.csproj", "{69FBB32E-DF5E-4068-B5C8-702512F3F31F}"
EndProject
Project("{FAE04EC0-301F-11D3-BF4B-00C04F79EFBC}") = "TL.Blog.Data.EntityFramework", "TL.Extensions\Blog\TL.Blog.Data.EntityFramework\TL.Blog.Data.EntityFramework.csproj", "{B774089F-58C2-48F1-80FE-965D7F90A20B}"
EndProject
Project("{FAE04EC0-301F-11D3-BF4B-00C04F79EFBC}") = "TL.Blog.Data", "TL.Extensions\Blog\TL.Blog.Data\TL.Blog.Data.csproj", "{DAE9A501-3ADE-42A5-90B9-86EF61300E01}"
EndProject
Project("{FAE04EC0-301F-11D3-BF4B-00C04F79EFBC}") = "TL.Blog.Web", "TL.Extensions\Blog\TL.Blog.Web\TL.Blog.Web.csproj", "{7A971907-19D7-4E4B-8516-445EB2DD3CF9}"
EndProject
Project("{FAE04EC0-301F-11D3-BF4B-00C04F79EFBC}") = "TL.Blog", "TL.Extensions\Blog\TL.Blog\TL.Blog.csproj", "{246D60EC-A18B-42E9-971C-DAA9B682947A}"
EndProject
Global
	GlobalSection(SolutionConfigurationPlatforms) = preSolution
		Debug|Any CPU = Debug|Any CPU
		Release|Any CPU = Release|Any CPU
	EndGlobalSection
	GlobalSection(ProjectConfigurationPlatforms) = postSolution
		{E0BF139D-174D-4F9A-8CC6-735BDD7961B3}.Debug|Any CPU.ActiveCfg = Debug|Any CPU
		{E0BF139D-174D-4F9A-8CC6-735BDD7961B3}.Debug|Any CPU.Build.0 = Debug|Any CPU
		{E0BF139D-174D-4F9A-8CC6-735BDD7961B3}.Release|Any CPU.ActiveCfg = Release|Any CPU
		{E0BF139D-174D-4F9A-8CC6-735BDD7961B3}.Release|Any CPU.Build.0 = Release|Any CPU
		{8E78EBF9-9C6B-42A4-8098-003898C86005}.Debug|Any CPU.ActiveCfg = Debug|Any CPU
		{8E78EBF9-9C6B-42A4-8098-003898C86005}.Debug|Any CPU.Build.0 = Debug|Any CPU
		{8E78EBF9-9C6B-42A4-8098-003898C86005}.Release|Any CPU.ActiveCfg = Release|Any CPU
		{8E78EBF9-9C6B-42A4-8098-003898C86005}.Release|Any CPU.Build.0 = Release|Any CPU
		{8066AA03-CDF7-4C65-98E2-F9302A4212E2}.Debug|Any CPU.ActiveCfg = Debug|Any CPU
		{8066AA03-CDF7-4C65-98E2-F9302A4212E2}.Debug|Any CPU.Build.0 = Debug|Any CPU
		{8066AA03-CDF7-4C65-98E2-F9302A4212E2}.Release|Any CPU.ActiveCfg = Release|Any CPU
		{8066AA03-CDF7-4C65-98E2-F9302A4212E2}.Release|Any CPU.Build.0 = Release|Any CPU
		{8B10F36C-71A9-4469-A4B0-CB6091B1EE9B}.Debug|Any CPU.ActiveCfg = Debug|Any CPU
		{8B10F36C-71A9-4469-A4B0-CB6091B1EE9B}.Debug|Any CPU.Build.0 = Debug|Any CPU
		{8B10F36C-71A9-4469-A4B0-CB6091B1EE9B}.Release|Any CPU.ActiveCfg = Release|Any CPU
		{8B10F36C-71A9-4469-A4B0-CB6091B1EE9B}.Release|Any CPU.Build.0 = Release|Any CPU
		{97E6C6FB-9090-436E-AD38-38CC9EA89220}.Debug|Any CPU.ActiveCfg = Debug|Any CPU
		{97E6C6FB-9090-436E-AD38-38CC9EA89220}.Debug|Any CPU.Build.0 = Debug|Any CPU
		{97E6C6FB-9090-436E-AD38-38CC9EA89220}.Release|Any CPU.ActiveCfg = Release|Any CPU
		{97E6C6FB-9090-436E-AD38-38CC9EA89220}.Release|Any CPU.Build.0 = Release|Any CPU
		{E940C038-59D5-4172-8919-C3E0C1CB526C}.Debug|Any CPU.ActiveCfg = Debug|Any CPU
		{E940C038-59D5-4172-8919-C3E0C1CB526C}.Debug|Any CPU.Build.0 = Debug|Any CPU
		{E940C038-59D5-4172-8919-C3E0C1CB526C}.Release|Any CPU.ActiveCfg = Release|Any CPU
		{E940C038-59D5-4172-8919-C3E0C1CB526C}.Release|Any CPU.Build.0 = Release|Any CPU
		{50080C53-8390-4610-A951-918C481E8820}.Debug|Any CPU.ActiveCfg = Debug|Any CPU
		{50080C53-8390-4610-A951-918C481E8820}.Debug|Any CPU.Build.0 = Debug|Any CPU
		{50080C53-8390-4610-A951-918C481E8820}.Release|Any CPU.ActiveCfg = Release|Any CPU
		{50080C53-8390-4610-A951-918C481E8820}.Release|Any CPU.Build.0 = Release|Any CPU
		{229C8253-FF3B-479B-B492-3FF3044E87D9}.Debug|Any CPU.ActiveCfg = Debug|Any CPU
		{229C8253-FF3B-479B-B492-3FF3044E87D9}.Debug|Any CPU.Build.0 = Debug|Any CPU
		{229C8253-FF3B-479B-B492-3FF3044E87D9}.Release|Any CPU.ActiveCfg = Release|Any CPU
		{229C8253-FF3B-479B-B492-3FF3044E87D9}.Release|Any CPU.Build.0 = Release|Any CPU
		{DA4B327B-274D-47CF-82AB-14D83A9C9B92}.Debug|Any CPU.ActiveCfg = Debug|Any CPU
		{DA4B327B-274D-47CF-82AB-14D83A9C9B92}.Debug|Any CPU.Build.0 = Debug|Any CPU
		{DA4B327B-274D-47CF-82AB-14D83A9C9B92}.Release|Any CPU.ActiveCfg = Release|Any CPU
		{DA4B327B-274D-47CF-82AB-14D83A9C9B92}.Release|Any CPU.Build.0 = Release|Any CPU
		{8C976651-7FD5-4889-AE8A-395F5D8B9282}.Debug|Any CPU.ActiveCfg = Debug|Any CPU
		{8C976651-7FD5-4889-AE8A-395F5D8B9282}.Debug|Any CPU.Build.0 = Debug|Any CPU
		{8C976651-7FD5-4889-AE8A-395F5D8B9282}.Release|Any CPU.ActiveCfg = Release|Any CPU
		{8C976651-7FD5-4889-AE8A-395F5D8B9282}.Release|Any CPU.Build.0 = Release|Any CPU
		{A899959E-A89C-4583-A983-43CDFCC0E171}.Debug|Any CPU.ActiveCfg = Debug|Any CPU
		{A899959E-A89C-4583-A983-43CDFCC0E171}.Debug|Any CPU.Build.0 = Debug|Any CPU
		{A899959E-A89C-4583-A983-43CDFCC0E171}.Release|Any CPU.ActiveCfg = Release|Any CPU
		{A899959E-A89C-4583-A983-43CDFCC0E171}.Release|Any CPU.Build.0 = Release|Any CPU
		{778BA579-11C0-4F16-BE40-15FA77754F00}.Debug|Any CPU.ActiveCfg = Debug|Any CPU
		{778BA579-11C0-4F16-BE40-15FA77754F00}.Debug|Any CPU.Build.0 = Debug|Any CPU
		{778BA579-11C0-4F16-BE40-15FA77754F00}.Release|Any CPU.ActiveCfg = Release|Any CPU
		{778BA579-11C0-4F16-BE40-15FA77754F00}.Release|Any CPU.Build.0 = Release|Any CPU
		{8EAFCF27-E8AB-479D-88AF-48A864EC274A}.Debug|Any CPU.ActiveCfg = Debug|Any CPU
		{8EAFCF27-E8AB-479D-88AF-48A864EC274A}.Debug|Any CPU.Build.0 = Debug|Any CPU
		{8EAFCF27-E8AB-479D-88AF-48A864EC274A}.Release|Any CPU.ActiveCfg = Release|Any CPU
		{8EAFCF27-E8AB-479D-88AF-48A864EC274A}.Release|Any CPU.Build.0 = Release|Any CPU
		{FE6152B5-7FD9-4EE5-BD79-95BC466FE104}.Debug|Any CPU.ActiveCfg = Debug|Any CPU
		{FE6152B5-7FD9-4EE5-BD79-95BC466FE104}.Debug|Any CPU.Build.0 = Debug|Any CPU
		{FE6152B5-7FD9-4EE5-BD79-95BC466FE104}.Release|Any CPU.ActiveCfg = Release|Any CPU
		{FE6152B5-7FD9-4EE5-BD79-95BC466FE104}.Release|Any CPU.Build.0 = Release|Any CPU
		{E594ADD2-A635-4F69-AE73-CE13B8A6A6E5}.Debug|Any CPU.ActiveCfg = Debug|Any CPU
		{E594ADD2-A635-4F69-AE73-CE13B8A6A6E5}.Debug|Any CPU.Build.0 = Debug|Any CPU
		{E594ADD2-A635-4F69-AE73-CE13B8A6A6E5}.Release|Any CPU.ActiveCfg = Release|Any CPU
		{E594ADD2-A635-4F69-AE73-CE13B8A6A6E5}.Release|Any CPU.Build.0 = Release|Any CPU
		{2431F97E-A330-44D4-AEC1-38794FCA78A1}.Debug|Any CPU.ActiveCfg = Debug|Any CPU
		{2431F97E-A330-44D4-AEC1-38794FCA78A1}.Debug|Any CPU.Build.0 = Debug|Any CPU
		{2431F97E-A330-44D4-AEC1-38794FCA78A1}.Release|Any CPU.ActiveCfg = Release|Any CPU
		{2431F97E-A330-44D4-AEC1-38794FCA78A1}.Release|Any CPU.Build.0 = Release|Any CPU
		{74C4546F-46CC-405F-ABA7-60BC89B06327}.Debug|Any CPU.ActiveCfg = Debug|Any CPU
		{74C4546F-46CC-405F-ABA7-60BC89B06327}.Debug|Any CPU.Build.0 = Debug|Any CPU
		{74C4546F-46CC-405F-ABA7-60BC89B06327}.Release|Any CPU.ActiveCfg = Release|Any CPU
		{74C4546F-46CC-405F-ABA7-60BC89B06327}.Release|Any CPU.Build.0 = Release|Any CPU
		{2A010D77-3916-4320-9095-790257605164}.Debug|Any CPU.ActiveCfg = Debug|Any CPU
		{2A010D77-3916-4320-9095-790257605164}.Debug|Any CPU.Build.0 = Debug|Any CPU
		{2A010D77-3916-4320-9095-790257605164}.Release|Any CPU.ActiveCfg = Release|Any CPU
		{2A010D77-3916-4320-9095-790257605164}.Release|Any CPU.Build.0 = Release|Any CPU
		{1DE41F76-68EB-4350-A621-98DAF93D69EA}.Debug|Any CPU.ActiveCfg = Debug|Any CPU
		{1DE41F76-68EB-4350-A621-98DAF93D69EA}.Debug|Any CPU.Build.0 = Debug|Any CPU
		{1DE41F76-68EB-4350-A621-98DAF93D69EA}.Release|Any CPU.ActiveCfg = Release|Any CPU
		{1DE41F76-68EB-4350-A621-98DAF93D69EA}.Release|Any CPU.Build.0 = Release|Any CPU
		{DAEA0155-5D26-4589-B5EE-49232FB4083B}.Debug|Any CPU.ActiveCfg = Debug|Any CPU
		{DAEA0155-5D26-4589-B5EE-49232FB4083B}.Debug|Any CPU.Build.0 = Debug|Any CPU
		{DAEA0155-5D26-4589-B5EE-49232FB4083B}.Release|Any CPU.ActiveCfg = Release|Any CPU
		{DAEA0155-5D26-4589-B5EE-49232FB4083B}.Release|Any CPU.Build.0 = Release|Any CPU
		{E2B7A57D-EFCD-4E06-B391-4760E6CC647A}.Debug|Any CPU.ActiveCfg = Debug|Any CPU
		{E2B7A57D-EFCD-4E06-B391-4760E6CC647A}.Debug|Any CPU.Build.0 = Debug|Any CPU
		{E2B7A57D-EFCD-4E06-B391-4760E6CC647A}.Release|Any CPU.ActiveCfg = Release|Any CPU
		{E2B7A57D-EFCD-4E06-B391-4760E6CC647A}.Release|Any CPU.Build.0 = Release|Any CPU
		{4F393BF9-5A52-4471-AE71-95EA1C745A17}.Debug|Any CPU.ActiveCfg = Debug|Any CPU
		{4F393BF9-5A52-4471-AE71-95EA1C745A17}.Debug|Any CPU.Build.0 = Debug|Any CPU
		{4F393BF9-5A52-4471-AE71-95EA1C745A17}.Release|Any CPU.ActiveCfg = Release|Any CPU
		{4F393BF9-5A52-4471-AE71-95EA1C745A17}.Release|Any CPU.Build.0 = Release|Any CPU
		{87988976-6BE9-4F80-8C0B-D5DC93DD5D02}.Debug|Any CPU.ActiveCfg = Debug|Any CPU
		{87988976-6BE9-4F80-8C0B-D5DC93DD5D02}.Debug|Any CPU.Build.0 = Debug|Any CPU
		{87988976-6BE9-4F80-8C0B-D5DC93DD5D02}.Release|Any CPU.ActiveCfg = Release|Any CPU
		{87988976-6BE9-4F80-8C0B-D5DC93DD5D02}.Release|Any CPU.Build.0 = Release|Any CPU
		{D41E1087-9891-4427-B0A7-1D5BD3BB4C71}.Debug|Any CPU.ActiveCfg = Debug|Any CPU
		{D41E1087-9891-4427-B0A7-1D5BD3BB4C71}.Debug|Any CPU.Build.0 = Debug|Any CPU
		{D41E1087-9891-4427-B0A7-1D5BD3BB4C71}.Release|Any CPU.ActiveCfg = Release|Any CPU
		{D41E1087-9891-4427-B0A7-1D5BD3BB4C71}.Release|Any CPU.Build.0 = Release|Any CPU
		{25CE296A-F1E8-429B-B436-00FE6E6E1BF1}.Debug|Any CPU.ActiveCfg = Debug|Any CPU
		{25CE296A-F1E8-429B-B436-00FE6E6E1BF1}.Debug|Any CPU.Build.0 = Debug|Any CPU
		{25CE296A-F1E8-429B-B436-00FE6E6E1BF1}.Release|Any CPU.ActiveCfg = Release|Any CPU
		{25CE296A-F1E8-429B-B436-00FE6E6E1BF1}.Release|Any CPU.Build.0 = Release|Any CPU
		{2A0985D4-152B-4850-8DCF-0EA4992D797E}.Debug|Any CPU.ActiveCfg = Debug|Any CPU
		{2A0985D4-152B-4850-8DCF-0EA4992D797E}.Debug|Any CPU.Build.0 = Debug|Any CPU
		{2A0985D4-152B-4850-8DCF-0EA4992D797E}.Release|Any CPU.ActiveCfg = Release|Any CPU
		{2A0985D4-152B-4850-8DCF-0EA4992D797E}.Release|Any CPU.Build.0 = Release|Any CPU
		{0C7414A4-E4C5-4D5C-A186-4496BC536911}.Debug|Any CPU.ActiveCfg = Debug|Any CPU
		{0C7414A4-E4C5-4D5C-A186-4496BC536911}.Debug|Any CPU.Build.0 = Debug|Any CPU
		{0C7414A4-E4C5-4D5C-A186-4496BC536911}.Release|Any CPU.ActiveCfg = Release|Any CPU
		{0C7414A4-E4C5-4D5C-A186-4496BC536911}.Release|Any CPU.Build.0 = Release|Any CPU
		{E258FABC-0033-485D-9C6B-D35A4D440720}.Debug|Any CPU.ActiveCfg = Debug|Any CPU
		{E258FABC-0033-485D-9C6B-D35A4D440720}.Debug|Any CPU.Build.0 = Debug|Any CPU
		{E258FABC-0033-485D-9C6B-D35A4D440720}.Release|Any CPU.ActiveCfg = Release|Any CPU
		{E258FABC-0033-485D-9C6B-D35A4D440720}.Release|Any CPU.Build.0 = Release|Any CPU
		{47D7A595-97DE-42AA-B514-0A8CC1E099B4}.Debug|Any CPU.ActiveCfg = Debug|Any CPU
		{47D7A595-97DE-42AA-B514-0A8CC1E099B4}.Debug|Any CPU.Build.0 = Debug|Any CPU
		{47D7A595-97DE-42AA-B514-0A8CC1E099B4}.Release|Any CPU.ActiveCfg = Release|Any CPU
		{47D7A595-97DE-42AA-B514-0A8CC1E099B4}.Release|Any CPU.Build.0 = Release|Any CPU
		{D815DCCA-A4AA-434B-8C3D-404A53C6F428}.Debug|Any CPU.ActiveCfg = Debug|Any CPU
		{D815DCCA-A4AA-434B-8C3D-404A53C6F428}.Debug|Any CPU.Build.0 = Debug|Any CPU
		{D815DCCA-A4AA-434B-8C3D-404A53C6F428}.Release|Any CPU.ActiveCfg = Release|Any CPU
		{D815DCCA-A4AA-434B-8C3D-404A53C6F428}.Release|Any CPU.Build.0 = Release|Any CPU
		{D8851153-268F-4616-A21D-F86D3517EC4C}.Debug|Any CPU.ActiveCfg = Debug|Any CPU
		{D8851153-268F-4616-A21D-F86D3517EC4C}.Debug|Any CPU.Build.0 = Debug|Any CPU
		{D8851153-268F-4616-A21D-F86D3517EC4C}.Release|Any CPU.ActiveCfg = Release|Any CPU
		{D8851153-268F-4616-A21D-F86D3517EC4C}.Release|Any CPU.Build.0 = Release|Any CPU
		{69FBB32E-DF5E-4068-B5C8-702512F3F31F}.Debug|Any CPU.ActiveCfg = Debug|Any CPU
		{69FBB32E-DF5E-4068-B5C8-702512F3F31F}.Debug|Any CPU.Build.0 = Debug|Any CPU
		{69FBB32E-DF5E-4068-B5C8-702512F3F31F}.Release|Any CPU.ActiveCfg = Release|Any CPU
		{69FBB32E-DF5E-4068-B5C8-702512F3F31F}.Release|Any CPU.Build.0 = Release|Any CPU
		{B774089F-58C2-48F1-80FE-965D7F90A20B}.Debug|Any CPU.ActiveCfg = Debug|Any CPU
		{B774089F-58C2-48F1-80FE-965D7F90A20B}.Debug|Any CPU.Build.0 = Debug|Any CPU
		{B774089F-58C2-48F1-80FE-965D7F90A20B}.Release|Any CPU.ActiveCfg = Release|Any CPU
		{B774089F-58C2-48F1-80FE-965D7F90A20B}.Release|Any CPU.Build.0 = Release|Any CPU
		{DAE9A501-3ADE-42A5-90B9-86EF61300E01}.Debug|Any CPU.ActiveCfg = Debug|Any CPU
		{DAE9A501-3ADE-42A5-90B9-86EF61300E01}.Debug|Any CPU.Build.0 = Debug|Any CPU
		{DAE9A501-3ADE-42A5-90B9-86EF61300E01}.Release|Any CPU.ActiveCfg = Release|Any CPU
		{DAE9A501-3ADE-42A5-90B9-86EF61300E01}.Release|Any CPU.Build.0 = Release|Any CPU
		{7A971907-19D7-4E4B-8516-445EB2DD3CF9}.Debug|Any CPU.ActiveCfg = Debug|Any CPU
		{7A971907-19D7-4E4B-8516-445EB2DD3CF9}.Debug|Any CPU.Build.0 = Debug|Any CPU
		{7A971907-19D7-4E4B-8516-445EB2DD3CF9}.Release|Any CPU.ActiveCfg = Release|Any CPU
		{7A971907-19D7-4E4B-8516-445EB2DD3CF9}.Release|Any CPU.Build.0 = Release|Any CPU
		{246D60EC-A18B-42E9-971C-DAA9B682947A}.Debug|Any CPU.ActiveCfg = Debug|Any CPU
		{246D60EC-A18B-42E9-971C-DAA9B682947A}.Debug|Any CPU.Build.0 = Debug|Any CPU
		{246D60EC-A18B-42E9-971C-DAA9B682947A}.Release|Any CPU.ActiveCfg = Release|Any CPU
		{246D60EC-A18B-42E9-971C-DAA9B682947A}.Release|Any CPU.Build.0 = Release|Any CPU
	EndGlobalSection
	GlobalSection(SolutionProperties) = preSolution
		HideSolutionNode = FALSE
	EndGlobalSection
	GlobalSection(NestedProjects) = preSolution
		{E0BF139D-174D-4F9A-8CC6-735BDD7961B3} = {088D2108-C6D4-4D7E-AFDE-7308D45CB162}
		{8E78EBF9-9C6B-42A4-8098-003898C86005} = {2490AE47-A520-43B3-926F-23383C1EC299}
		{8066AA03-CDF7-4C65-98E2-F9302A4212E2} = {2490AE47-A520-43B3-926F-23383C1EC299}
		{8B10F36C-71A9-4469-A4B0-CB6091B1EE9B} = {2490AE47-A520-43B3-926F-23383C1EC299}
		{97E6C6FB-9090-436E-AD38-38CC9EA89220} = {2490AE47-A520-43B3-926F-23383C1EC299}
		{E940C038-59D5-4172-8919-C3E0C1CB526C} = {2490AE47-A520-43B3-926F-23383C1EC299}
		{50080C53-8390-4610-A951-918C481E8820} = {2490AE47-A520-43B3-926F-23383C1EC299}
		{77AA560D-4079-4C2B-8E29-3494704CC7AE} = {0B766231-C411-4BBA-9A38-3BC69CA83D56}
		{229C8253-FF3B-479B-B492-3FF3044E87D9} = {77AA560D-4079-4C2B-8E29-3494704CC7AE}
		{DA4B327B-274D-47CF-82AB-14D83A9C9B92} = {77AA560D-4079-4C2B-8E29-3494704CC7AE}
		{8C976651-7FD5-4889-AE8A-395F5D8B9282} = {77AA560D-4079-4C2B-8E29-3494704CC7AE}
		{A899959E-A89C-4583-A983-43CDFCC0E171} = {77AA560D-4079-4C2B-8E29-3494704CC7AE}
		{778BA579-11C0-4F16-BE40-15FA77754F00} = {77AA560D-4079-4C2B-8E29-3494704CC7AE}
		{8EAFCF27-E8AB-479D-88AF-48A864EC274A} = {77AA560D-4079-4C2B-8E29-3494704CC7AE}
		{FE6152B5-7FD9-4EE5-BD79-95BC466FE104} = {77AA560D-4079-4C2B-8E29-3494704CC7AE}
		{EDAD137E-CF8A-47F1-B415-0D68D01A4414} = {0B766231-C411-4BBA-9A38-3BC69CA83D56}
		{E594ADD2-A635-4F69-AE73-CE13B8A6A6E5} = {EDAD137E-CF8A-47F1-B415-0D68D01A4414}
		{2431F97E-A330-44D4-AEC1-38794FCA78A1} = {EDAD137E-CF8A-47F1-B415-0D68D01A4414}
		{74C4546F-46CC-405F-ABA7-60BC89B06327} = {EDAD137E-CF8A-47F1-B415-0D68D01A4414}
		{2A010D77-3916-4320-9095-790257605164} = {EDAD137E-CF8A-47F1-B415-0D68D01A4414}
		{1DE41F76-68EB-4350-A621-98DAF93D69EA} = {EDAD137E-CF8A-47F1-B415-0D68D01A4414}
		{DAEA0155-5D26-4589-B5EE-49232FB4083B} = {EDAD137E-CF8A-47F1-B415-0D68D01A4414}
		{E2B7A57D-EFCD-4E06-B391-4760E6CC647A} = {EDAD137E-CF8A-47F1-B415-0D68D01A4414}
		{D40FE039-CB94-49A3-883B-89F48670C39C} = {0B766231-C411-4BBA-9A38-3BC69CA83D56}
		{4F393BF9-5A52-4471-AE71-95EA1C745A17} = {D40FE039-CB94-49A3-883B-89F48670C39C}
		{87988976-6BE9-4F80-8C0B-D5DC93DD5D02} = {D40FE039-CB94-49A3-883B-89F48670C39C}
		{D41E1087-9891-4427-B0A7-1D5BD3BB4C71} = {D40FE039-CB94-49A3-883B-89F48670C39C}
		{25CE296A-F1E8-429B-B436-00FE6E6E1BF1} = {D40FE039-CB94-49A3-883B-89F48670C39C}
		{2A0985D4-152B-4850-8DCF-0EA4992D797E} = {D40FE039-CB94-49A3-883B-89F48670C39C}
		{0C7414A4-E4C5-4D5C-A186-4496BC536911} = {D40FE039-CB94-49A3-883B-89F48670C39C}
		{E258FABC-0033-485D-9C6B-D35A4D440720} = {D40FE039-CB94-49A3-883B-89F48670C39C}
		{47D7A595-97DE-42AA-B514-0A8CC1E099B4} = {D40FE039-CB94-49A3-883B-89F48670C39C}
		{601E7CDE-52D7-4E31-A828-358B008F498F} = {0B766231-C411-4BBA-9A38-3BC69CA83D56}
		{D815DCCA-A4AA-434B-8C3D-404A53C6F428} = {601E7CDE-52D7-4E31-A828-358B008F498F}
		{D8851153-268F-4616-A21D-F86D3517EC4C} = {601E7CDE-52D7-4E31-A828-358B008F498F}
		{69FBB32E-DF5E-4068-B5C8-702512F3F31F} = {601E7CDE-52D7-4E31-A828-358B008F498F}
		{B774089F-58C2-48F1-80FE-965D7F90A20B} = {601E7CDE-52D7-4E31-A828-358B008F498F}
		{DAE9A501-3ADE-42A5-90B9-86EF61300E01} = {601E7CDE-52D7-4E31-A828-358B008F498F}
		{7A971907-19D7-4E4B-8516-445EB2DD3CF9} = {601E7CDE-52D7-4E31-A828-358B008F498F}
		{246D60EC-A18B-42E9-971C-DAA9B682947A} = {601E7CDE-52D7-4E31-A828-358B008F498F}
	EndGlobalSection
	GlobalSection(ExtensibilityGlobals) = postSolution
		SolutionGuid = {DAD5B3A2-F0CE-4F86-AADC-8EFFB7195955}
	EndGlobalSection
EndGlobal
