
Microsoft Visual Studio Solution File, Format Version 12.00
# Visual Studio 15
VisualStudioVersion = 15.0.28307.168
MinimumVisualStudioVersion = 10.0.40219.1
Project("{9A19103F-16F7-4668-BE54-9A1E7A4F7556}") = "TL.Engine", "TL.Engine\TL.Engine.csproj", "{E0BF139D-174D-4F9A-8CC6-735BDD7961B3}"
EndProject
Project("{2150E333-8FDC-42A3-9474-1A3956D46DE8}") = "Account", "Account", "{8C926E33-4C5C-4296-A08F-DE15AAA062DA}"
EndProject
Project("{9A19103F-16F7-4668-BE54-9A1E7A4F7556}") = "TL.Account.Web", "TL.Extensions\Account\TL.Account.Web\TL.Account.Web.csproj", "{6A2F06B3-296A-456A-A2B6-399CBD3023FD}"
EndProject
Project("{9A19103F-16F7-4668-BE54-9A1E7A4F7556}") = "TL.Account.Data.Entities", "TL.Extensions\Account\TL.Account.Data.Entities\TL.Account.Data.Entities.csproj", "{560BC61C-B6F4-44C1-93AE-5E91A3717715}"
EndProject
Project("{9A19103F-16F7-4668-BE54-9A1E7A4F7556}") = "TL.Account.Data.Abstractions", "TL.Extensions\Account\TL.Account.Data.Abstractions\TL.Account.Data.Abstractions.csproj", "{9C9833F1-628A-4227-B101-5A67D11BAB66}"
EndProject
Project("{9A19103F-16F7-4668-BE54-9A1E7A4F7556}") = "TL.Account.Data.EntityFramework", "TL.Extensions\Account\TL.Account.Data.EntityFramework\TL.Account.Data.EntityFramework.csproj", "{485724F1-5A41-4171-BB38-7BC364B98ECA}"
EndProject
Project("{9A19103F-16F7-4668-BE54-9A1E7A4F7556}") = "TL.Account.Data", "TL.Extensions\Account\TL.Account.Data\TL.Account.Data.csproj", "{153661B5-5F66-4688-8520-6A221C86EFF9}"
EndProject
Project("{9A19103F-16F7-4668-BE54-9A1E7A4F7556}") = "TL.Engine.Web", "TL.Extensions\Engine\TL.Engine.Web\TL.Engine.Web.csproj", "{8E78EBF9-9C6B-42A4-8098-003898C86005}"
EndProject
Project("{9A19103F-16F7-4668-BE54-9A1E7A4F7556}") = "TL.Engine.Data", "TL.Extensions\Engine\TL.Engine.Data\TL.Engine.Data.csproj", "{8066AA03-CDF7-4C65-98E2-F9302A4212E2}"
EndProject
Project("{9A19103F-16F7-4668-BE54-9A1E7A4F7556}") = "TL.Engine.Data.Entities", "TL.Extensions\Engine\TL.Engine.Data.Entities\TL.Engine.Data.Entities.csproj", "{8B10F36C-71A9-4469-A4B0-CB6091B1EE9B}"
EndProject
Project("{9A19103F-16F7-4668-BE54-9A1E7A4F7556}") = "TL.Engine.Data.Abstractions", "TL.Extensions\Engine\TL.Engine.Data.Abstractions\TL.Engine.Data.Abstractions.csproj", "{97E6C6FB-9090-436E-AD38-38CC9EA89220}"
EndProject
Project("{9A19103F-16F7-4668-BE54-9A1E7A4F7556}") = "TL.Engine.Data.EntityFramework", "TL.Extensions\Engine\TL.Engine.Data.EntityFramework\TL.Engine.Data.EntityFramework.csproj", "{E940C038-59D5-4172-8919-C3E0C1CB526C}"
EndProject
Project("{2150E333-8FDC-42A3-9474-1A3956D46DE8}") = "Modules", "Modules", "{0B766231-C411-4BBA-9A38-3BC69CA83D56}"
EndProject
Project("{9A19103F-16F7-4668-BE54-9A1E7A4F7556}") = "TL.Account", "TL.Extensions\Account\TL.Account\TL.Account.csproj", "{F775447B-6FD3-45AB-B270-B3CCF417F2E2}"
EndProject
Project("{9A19103F-16F7-4668-BE54-9A1E7A4F7556}") = "TL.Engine.SDK", "TL.Extensions\Engine\TL.Engine.SDK\TL.Engine.SDK.csproj", "{50080C53-8390-4610-A951-918C481E8820}"
EndProject
Project("{2150E333-8FDC-42A3-9474-1A3956D46DE8}") = "Api", "Api", "{C28C08A1-A78C-4C1B-97E9-F3D232FBA858}"
EndProject
Project("{9A19103F-16F7-4668-BE54-9A1E7A4F7556}") = "TL.Api.Data.Entities", "TL.Extensions\Api\TL.Api.Data.Entities\TL.Api.Data.Entities.csproj", "{CB541262-9B5D-4993-A61A-B0D768F01036}"
EndProject
Project("{9A19103F-16F7-4668-BE54-9A1E7A4F7556}") = "TL.Api.Data.Abstractions", "TL.Extensions\Api\TL.Api.Data.Abstractions\TL.Api.Data.Abstractions.csproj", "{E4966242-677D-47E0-96A3-1AD3E107F571}"
EndProject
Project("{9A19103F-16F7-4668-BE54-9A1E7A4F7556}") = "TL.Api.Data.EntityFramework", "TL.Extensions\Api\TL.Api.Data.EntityFramework\TL.Api.Data.EntityFramework.csproj", "{C8DAE5FA-BF79-4625-9460-A8C95FB4ECB2}"
EndProject
Project("{9A19103F-16F7-4668-BE54-9A1E7A4F7556}") = "TL.Api.Data", "TL.Extensions\Api\TL.Api.Data\TL.Api.Data.csproj", "{80DBD327-AC73-422F-824D-2163DD1F2CB2}"
EndProject
Project("{9A19103F-16F7-4668-BE54-9A1E7A4F7556}") = "TL.Api.Web", "TL.Extensions\Api\TL.Api.Web\TL.Api.Web.csproj", "{6B55DC0E-9CA8-4E10-9A07-700B713B4910}"
EndProject
Project("{9A19103F-16F7-4668-BE54-9A1E7A4F7556}") = "TL.Api", "TL.Extensions\Api\TL.Api\TL.Api.csproj", "{71AF75D9-9583-4B1D-9A83-74931276A6D1}"
EndProject
Project("{2150E333-8FDC-42A3-9474-1A3956D46DE8}") = "Devenv", "Devenv", "{1BEFC4D7-36DE-4671-AFF5-33BF71FCFB07}"
EndProject
Project("{9A19103F-16F7-4668-BE54-9A1E7A4F7556}") = "TL.Devenv.Data.Entities", "TL.Extensions\Devenv\TL.Devenv.Data.Entities\TL.Devenv.Data.Entities.csproj", "{EF46E63F-5264-453F-81A8-257BB238107B}"
EndProject
Project("{9A19103F-16F7-4668-BE54-9A1E7A4F7556}") = "TL.Devenv.Data.Abstractions", "TL.Extensions\Devenv\TL.Devenv.Data.Abstractions\TL.Devenv.Data.Abstractions.csproj", "{4ED2AEDF-F966-4EBA-ADC3-C75B3E0B8ABF}"
EndProject
Project("{9A19103F-16F7-4668-BE54-9A1E7A4F7556}") = "TL.Devenv.Data.EntityFramework", "TL.Extensions\Devenv\TL.Devenv.Data.EntityFramework\TL.Devenv.Data.EntityFramework.csproj", "{98D61FD9-10BA-4926-8769-85E55163CEF2}"
EndProject
Project("{9A19103F-16F7-4668-BE54-9A1E7A4F7556}") = "TL.Devenv.Data", "TL.Extensions\Devenv\TL.Devenv.Data\TL.Devenv.Data.csproj", "{26AE2745-7751-4698-AD47-8BA6B51CD0D9}"
EndProject
Project("{9A19103F-16F7-4668-BE54-9A1E7A4F7556}") = "TL.Devenv.Web", "TL.Extensions\Devenv\TL.Devenv.Web\TL.Devenv.Web.csproj", "{77B204F4-B6F7-4B61-98BA-D951209348B5}"
EndProject
Project("{9A19103F-16F7-4668-BE54-9A1E7A4F7556}") = "TL.Devenv", "TL.Extensions\Devenv\TL.Devenv\TL.Devenv.csproj", "{B636D5AB-7490-4502-BC80-6D4EEB18A347}"
EndProject
Project("{2150E333-8FDC-42A3-9474-1A3956D46DE8}") = "Translator", "Translator", "{3498BADB-486A-4BE3-A474-4D839CF3BE11}"
EndProject
Project("{9A19103F-16F7-4668-BE54-9A1E7A4F7556}") = "TL.Translator.Data.Entities", "TL.Extensions\Translator\TL.Translator.Data.Entities\TL.Translator.Data.Entities.csproj", "{704BE532-C8BB-4801-99BE-B12EBC9E2458}"
EndProject
Project("{9A19103F-16F7-4668-BE54-9A1E7A4F7556}") = "TL.Translator.Data.Abstractions", "TL.Extensions\Translator\TL.Translator.Data.Abstractions\TL.Translator.Data.Abstractions.csproj", "{4A2F85A3-282D-487F-8C72-ABDC78FDD1F1}"
EndProject
Project("{9A19103F-16F7-4668-BE54-9A1E7A4F7556}") = "TL.Translator.Data.EntityFramework", "TL.Extensions\Translator\TL.Translator.Data.EntityFramework\TL.Translator.Data.EntityFramework.csproj", "{6F822767-658F-4D00-A55D-4E5F7726C9F4}"
EndProject
Project("{9A19103F-16F7-4668-BE54-9A1E7A4F7556}") = "TL.Translator.Data", "TL.Extensions\Translator\TL.Translator.Data\TL.Translator.Data.csproj", "{084EADFC-A9E4-4DA3-AEDD-0B401537E5D2}"
EndProject
Project("{9A19103F-16F7-4668-BE54-9A1E7A4F7556}") = "TL.Translator.Web", "TL.Extensions\Translator\TL.Translator.Web\TL.Translator.Web.csproj", "{8230B297-A12C-4976-A48C-E1FEAF9277AB}"
EndProject
Project("{9A19103F-16F7-4668-BE54-9A1E7A4F7556}") = "TL.Translator", "TL.Extensions\Translator\TL.Translator\TL.Translator.csproj", "{ADD27A42-E7FB-47FB-934B-9DEB6E8F1206}"
EndProject
Global
	GlobalSection(SolutionConfigurationPlatforms) = preSolution
		Debug|Any CPU = Debug|Any CPU
		Release|Any CPU = Release|Any CPU
	EndGlobalSection
	GlobalSection(ProjectConfigurationPlatforms) = postSolution
		{E0BF139D-174D-4F9A-8CC6-735BDD7961B3}.Debug|Any CPU.ActiveCfg = Debug|Any CPU
		{E0BF139D-174D-4F9A-8CC6-735BDD7961B3}.Debug|Any CPU.Build.0 = Debug|Any CPU
		{E0BF139D-174D-4F9A-8CC6-735BDD7961B3}.Release|Any CPU.ActiveCfg = Release|Any CPU
		{E0BF139D-174D-4F9A-8CC6-735BDD7961B3}.Release|Any CPU.Build.0 = Release|Any CPU
		{6A2F06B3-296A-456A-A2B6-399CBD3023FD}.Debug|Any CPU.ActiveCfg = Debug|Any CPU
		{6A2F06B3-296A-456A-A2B6-399CBD3023FD}.Debug|Any CPU.Build.0 = Debug|Any CPU
		{6A2F06B3-296A-456A-A2B6-399CBD3023FD}.Release|Any CPU.ActiveCfg = Release|Any CPU
		{6A2F06B3-296A-456A-A2B6-399CBD3023FD}.Release|Any CPU.Build.0 = Release|Any CPU
		{560BC61C-B6F4-44C1-93AE-5E91A3717715}.Debug|Any CPU.ActiveCfg = Debug|Any CPU
		{560BC61C-B6F4-44C1-93AE-5E91A3717715}.Debug|Any CPU.Build.0 = Debug|Any CPU
		{560BC61C-B6F4-44C1-93AE-5E91A3717715}.Release|Any CPU.ActiveCfg = Release|Any CPU
		{560BC61C-B6F4-44C1-93AE-5E91A3717715}.Release|Any CPU.Build.0 = Release|Any CPU
		{9C9833F1-628A-4227-B101-5A67D11BAB66}.Debug|Any CPU.ActiveCfg = Debug|Any CPU
		{9C9833F1-628A-4227-B101-5A67D11BAB66}.Debug|Any CPU.Build.0 = Debug|Any CPU
		{9C9833F1-628A-4227-B101-5A67D11BAB66}.Release|Any CPU.ActiveCfg = Release|Any CPU
		{9C9833F1-628A-4227-B101-5A67D11BAB66}.Release|Any CPU.Build.0 = Release|Any CPU
		{485724F1-5A41-4171-BB38-7BC364B98ECA}.Debug|Any CPU.ActiveCfg = Debug|Any CPU
		{485724F1-5A41-4171-BB38-7BC364B98ECA}.Debug|Any CPU.Build.0 = Debug|Any CPU
		{485724F1-5A41-4171-BB38-7BC364B98ECA}.Release|Any CPU.ActiveCfg = Release|Any CPU
		{485724F1-5A41-4171-BB38-7BC364B98ECA}.Release|Any CPU.Build.0 = Release|Any CPU
		{153661B5-5F66-4688-8520-6A221C86EFF9}.Debug|Any CPU.ActiveCfg = Debug|Any CPU
		{153661B5-5F66-4688-8520-6A221C86EFF9}.Debug|Any CPU.Build.0 = Debug|Any CPU
		{153661B5-5F66-4688-8520-6A221C86EFF9}.Release|Any CPU.ActiveCfg = Release|Any CPU
		{153661B5-5F66-4688-8520-6A221C86EFF9}.Release|Any CPU.Build.0 = Release|Any CPU
		{8E78EBF9-9C6B-42A4-8098-003898C86005}.Debug|Any CPU.ActiveCfg = Debug|Any CPU
		{8E78EBF9-9C6B-42A4-8098-003898C86005}.Debug|Any CPU.Build.0 = Debug|Any CPU
		{8E78EBF9-9C6B-42A4-8098-003898C86005}.Release|Any CPU.ActiveCfg = Release|Any CPU
		{8E78EBF9-9C6B-42A4-8098-003898C86005}.Release|Any CPU.Build.0 = Release|Any CPU
		{8066AA03-CDF7-4C65-98E2-F9302A4212E2}.Debug|Any CPU.ActiveCfg = Debug|Any CPU
		{8066AA03-CDF7-4C65-98E2-F9302A4212E2}.Debug|Any CPU.Build.0 = Debug|Any CPU
		{8066AA03-CDF7-4C65-98E2-F9302A4212E2}.Release|Any CPU.ActiveCfg = Release|Any CPU
		{8066AA03-CDF7-4C65-98E2-F9302A4212E2}.Release|Any CPU.Build.0 = Release|Any CPU
		{8B10F36C-71A9-4469-A4B0-CB6091B1EE9B}.Debug|Any CPU.ActiveCfg = Debug|Any CPU
		{8B10F36C-71A9-4469-A4B0-CB6091B1EE9B}.Debug|Any CPU.Build.0 = Debug|Any CPU
		{8B10F36C-71A9-4469-A4B0-CB6091B1EE9B}.Release|Any CPU.ActiveCfg = Release|Any CPU
		{8B10F36C-71A9-4469-A4B0-CB6091B1EE9B}.Release|Any CPU.Build.0 = Release|Any CPU
		{97E6C6FB-9090-436E-AD38-38CC9EA89220}.Debug|Any CPU.ActiveCfg = Debug|Any CPU
		{97E6C6FB-9090-436E-AD38-38CC9EA89220}.Debug|Any CPU.Build.0 = Debug|Any CPU
		{97E6C6FB-9090-436E-AD38-38CC9EA89220}.Release|Any CPU.ActiveCfg = Release|Any CPU
		{97E6C6FB-9090-436E-AD38-38CC9EA89220}.Release|Any CPU.Build.0 = Release|Any CPU
		{E940C038-59D5-4172-8919-C3E0C1CB526C}.Debug|Any CPU.ActiveCfg = Debug|Any CPU
		{E940C038-59D5-4172-8919-C3E0C1CB526C}.Debug|Any CPU.Build.0 = Debug|Any CPU
		{E940C038-59D5-4172-8919-C3E0C1CB526C}.Release|Any CPU.ActiveCfg = Release|Any CPU
		{E940C038-59D5-4172-8919-C3E0C1CB526C}.Release|Any CPU.Build.0 = Release|Any CPU
		{F775447B-6FD3-45AB-B270-B3CCF417F2E2}.Debug|Any CPU.ActiveCfg = Debug|Any CPU
		{F775447B-6FD3-45AB-B270-B3CCF417F2E2}.Debug|Any CPU.Build.0 = Debug|Any CPU
		{F775447B-6FD3-45AB-B270-B3CCF417F2E2}.Release|Any CPU.ActiveCfg = Release|Any CPU
		{F775447B-6FD3-45AB-B270-B3CCF417F2E2}.Release|Any CPU.Build.0 = Release|Any CPU
		{50080C53-8390-4610-A951-918C481E8820}.Debug|Any CPU.ActiveCfg = Debug|Any CPU
		{50080C53-8390-4610-A951-918C481E8820}.Debug|Any CPU.Build.0 = Debug|Any CPU
		{50080C53-8390-4610-A951-918C481E8820}.Release|Any CPU.ActiveCfg = Release|Any CPU
		{50080C53-8390-4610-A951-918C481E8820}.Release|Any CPU.Build.0 = Release|Any CPU
		{CB541262-9B5D-4993-A61A-B0D768F01036}.Debug|Any CPU.ActiveCfg = Debug|Any CPU
		{CB541262-9B5D-4993-A61A-B0D768F01036}.Debug|Any CPU.Build.0 = Debug|Any CPU
		{CB541262-9B5D-4993-A61A-B0D768F01036}.Release|Any CPU.ActiveCfg = Release|Any CPU
		{CB541262-9B5D-4993-A61A-B0D768F01036}.Release|Any CPU.Build.0 = Release|Any CPU
		{E4966242-677D-47E0-96A3-1AD3E107F571}.Debug|Any CPU.ActiveCfg = Debug|Any CPU
		{E4966242-677D-47E0-96A3-1AD3E107F571}.Debug|Any CPU.Build.0 = Debug|Any CPU
		{E4966242-677D-47E0-96A3-1AD3E107F571}.Release|Any CPU.ActiveCfg = Release|Any CPU
		{E4966242-677D-47E0-96A3-1AD3E107F571}.Release|Any CPU.Build.0 = Release|Any CPU
		{C8DAE5FA-BF79-4625-9460-A8C95FB4ECB2}.Debug|Any CPU.ActiveCfg = Debug|Any CPU
		{C8DAE5FA-BF79-4625-9460-A8C95FB4ECB2}.Debug|Any CPU.Build.0 = Debug|Any CPU
		{C8DAE5FA-BF79-4625-9460-A8C95FB4ECB2}.Release|Any CPU.ActiveCfg = Release|Any CPU
		{C8DAE5FA-BF79-4625-9460-A8C95FB4ECB2}.Release|Any CPU.Build.0 = Release|Any CPU
		{80DBD327-AC73-422F-824D-2163DD1F2CB2}.Debug|Any CPU.ActiveCfg = Debug|Any CPU
		{80DBD327-AC73-422F-824D-2163DD1F2CB2}.Debug|Any CPU.Build.0 = Debug|Any CPU
		{80DBD327-AC73-422F-824D-2163DD1F2CB2}.Release|Any CPU.ActiveCfg = Release|Any CPU
		{80DBD327-AC73-422F-824D-2163DD1F2CB2}.Release|Any CPU.Build.0 = Release|Any CPU
		{6B55DC0E-9CA8-4E10-9A07-700B713B4910}.Debug|Any CPU.ActiveCfg = Debug|Any CPU
		{6B55DC0E-9CA8-4E10-9A07-700B713B4910}.Debug|Any CPU.Build.0 = Debug|Any CPU
		{6B55DC0E-9CA8-4E10-9A07-700B713B4910}.Release|Any CPU.ActiveCfg = Release|Any CPU
		{6B55DC0E-9CA8-4E10-9A07-700B713B4910}.Release|Any CPU.Build.0 = Release|Any CPU
		{71AF75D9-9583-4B1D-9A83-74931276A6D1}.Debug|Any CPU.ActiveCfg = Debug|Any CPU
		{71AF75D9-9583-4B1D-9A83-74931276A6D1}.Debug|Any CPU.Build.0 = Debug|Any CPU
		{71AF75D9-9583-4B1D-9A83-74931276A6D1}.Release|Any CPU.ActiveCfg = Release|Any CPU
		{71AF75D9-9583-4B1D-9A83-74931276A6D1}.Release|Any CPU.Build.0 = Release|Any CPU
		{EF46E63F-5264-453F-81A8-257BB238107B}.Debug|Any CPU.ActiveCfg = Debug|Any CPU
		{EF46E63F-5264-453F-81A8-257BB238107B}.Debug|Any CPU.Build.0 = Debug|Any CPU
		{EF46E63F-5264-453F-81A8-257BB238107B}.Release|Any CPU.ActiveCfg = Release|Any CPU
		{EF46E63F-5264-453F-81A8-257BB238107B}.Release|Any CPU.Build.0 = Release|Any CPU
		{4ED2AEDF-F966-4EBA-ADC3-C75B3E0B8ABF}.Debug|Any CPU.ActiveCfg = Debug|Any CPU
		{4ED2AEDF-F966-4EBA-ADC3-C75B3E0B8ABF}.Debug|Any CPU.Build.0 = Debug|Any CPU
		{4ED2AEDF-F966-4EBA-ADC3-C75B3E0B8ABF}.Release|Any CPU.ActiveCfg = Release|Any CPU
		{4ED2AEDF-F966-4EBA-ADC3-C75B3E0B8ABF}.Release|Any CPU.Build.0 = Release|Any CPU
		{98D61FD9-10BA-4926-8769-85E55163CEF2}.Debug|Any CPU.ActiveCfg = Debug|Any CPU
		{98D61FD9-10BA-4926-8769-85E55163CEF2}.Debug|Any CPU.Build.0 = Debug|Any CPU
		{98D61FD9-10BA-4926-8769-85E55163CEF2}.Release|Any CPU.ActiveCfg = Release|Any CPU
		{98D61FD9-10BA-4926-8769-85E55163CEF2}.Release|Any CPU.Build.0 = Release|Any CPU
		{26AE2745-7751-4698-AD47-8BA6B51CD0D9}.Debug|Any CPU.ActiveCfg = Debug|Any CPU
		{26AE2745-7751-4698-AD47-8BA6B51CD0D9}.Debug|Any CPU.Build.0 = Debug|Any CPU
		{26AE2745-7751-4698-AD47-8BA6B51CD0D9}.Release|Any CPU.ActiveCfg = Release|Any CPU
		{26AE2745-7751-4698-AD47-8BA6B51CD0D9}.Release|Any CPU.Build.0 = Release|Any CPU
		{77B204F4-B6F7-4B61-98BA-D951209348B5}.Debug|Any CPU.ActiveCfg = Debug|Any CPU
		{77B204F4-B6F7-4B61-98BA-D951209348B5}.Debug|Any CPU.Build.0 = Debug|Any CPU
		{77B204F4-B6F7-4B61-98BA-D951209348B5}.Release|Any CPU.ActiveCfg = Release|Any CPU
		{77B204F4-B6F7-4B61-98BA-D951209348B5}.Release|Any CPU.Build.0 = Release|Any CPU
		{B636D5AB-7490-4502-BC80-6D4EEB18A347}.Debug|Any CPU.ActiveCfg = Debug|Any CPU
		{B636D5AB-7490-4502-BC80-6D4EEB18A347}.Debug|Any CPU.Build.0 = Debug|Any CPU
		{B636D5AB-7490-4502-BC80-6D4EEB18A347}.Release|Any CPU.ActiveCfg = Release|Any CPU
		{B636D5AB-7490-4502-BC80-6D4EEB18A347}.Release|Any CPU.Build.0 = Release|Any CPU
		{704BE532-C8BB-4801-99BE-B12EBC9E2458}.Debug|Any CPU.ActiveCfg = Debug|Any CPU
		{704BE532-C8BB-4801-99BE-B12EBC9E2458}.Debug|Any CPU.Build.0 = Debug|Any CPU
		{704BE532-C8BB-4801-99BE-B12EBC9E2458}.Release|Any CPU.ActiveCfg = Release|Any CPU
		{704BE532-C8BB-4801-99BE-B12EBC9E2458}.Release|Any CPU.Build.0 = Release|Any CPU
		{4A2F85A3-282D-487F-8C72-ABDC78FDD1F1}.Debug|Any CPU.ActiveCfg = Debug|Any CPU
		{4A2F85A3-282D-487F-8C72-ABDC78FDD1F1}.Debug|Any CPU.Build.0 = Debug|Any CPU
		{4A2F85A3-282D-487F-8C72-ABDC78FDD1F1}.Release|Any CPU.ActiveCfg = Release|Any CPU
		{4A2F85A3-282D-487F-8C72-ABDC78FDD1F1}.Release|Any CPU.Build.0 = Release|Any CPU
		{6F822767-658F-4D00-A55D-4E5F7726C9F4}.Debug|Any CPU.ActiveCfg = Debug|Any CPU
		{6F822767-658F-4D00-A55D-4E5F7726C9F4}.Debug|Any CPU.Build.0 = Debug|Any CPU
		{6F822767-658F-4D00-A55D-4E5F7726C9F4}.Release|Any CPU.ActiveCfg = Release|Any CPU
		{6F822767-658F-4D00-A55D-4E5F7726C9F4}.Release|Any CPU.Build.0 = Release|Any CPU
		{084EADFC-A9E4-4DA3-AEDD-0B401537E5D2}.Debug|Any CPU.ActiveCfg = Debug|Any CPU
		{084EADFC-A9E4-4DA3-AEDD-0B401537E5D2}.Debug|Any CPU.Build.0 = Debug|Any CPU
		{084EADFC-A9E4-4DA3-AEDD-0B401537E5D2}.Release|Any CPU.ActiveCfg = Release|Any CPU
		{084EADFC-A9E4-4DA3-AEDD-0B401537E5D2}.Release|Any CPU.Build.0 = Release|Any CPU
		{8230B297-A12C-4976-A48C-E1FEAF9277AB}.Debug|Any CPU.ActiveCfg = Debug|Any CPU
		{8230B297-A12C-4976-A48C-E1FEAF9277AB}.Debug|Any CPU.Build.0 = Debug|Any CPU
		{8230B297-A12C-4976-A48C-E1FEAF9277AB}.Release|Any CPU.ActiveCfg = Release|Any CPU
		{8230B297-A12C-4976-A48C-E1FEAF9277AB}.Release|Any CPU.Build.0 = Release|Any CPU
		{ADD27A42-E7FB-47FB-934B-9DEB6E8F1206}.Debug|Any CPU.ActiveCfg = Debug|Any CPU
		{ADD27A42-E7FB-47FB-934B-9DEB6E8F1206}.Debug|Any CPU.Build.0 = Debug|Any CPU
		{ADD27A42-E7FB-47FB-934B-9DEB6E8F1206}.Release|Any CPU.ActiveCfg = Release|Any CPU
		{ADD27A42-E7FB-47FB-934B-9DEB6E8F1206}.Release|Any CPU.Build.0 = Release|Any CPU
	EndGlobalSection
	GlobalSection(SolutionProperties) = preSolution
		HideSolutionNode = FALSE
	EndGlobalSection
	GlobalSection(NestedProjects) = preSolution
		{8C926E33-4C5C-4296-A08F-DE15AAA062DA} = {0B766231-C411-4BBA-9A38-3BC69CA83D56}
		{6A2F06B3-296A-456A-A2B6-399CBD3023FD} = {8C926E33-4C5C-4296-A08F-DE15AAA062DA}
		{560BC61C-B6F4-44C1-93AE-5E91A3717715} = {8C926E33-4C5C-4296-A08F-DE15AAA062DA}
		{9C9833F1-628A-4227-B101-5A67D11BAB66} = {8C926E33-4C5C-4296-A08F-DE15AAA062DA}
		{485724F1-5A41-4171-BB38-7BC364B98ECA} = {8C926E33-4C5C-4296-A08F-DE15AAA062DA}
		{153661B5-5F66-4688-8520-6A221C86EFF9} = {8C926E33-4C5C-4296-A08F-DE15AAA062DA}
		{F775447B-6FD3-45AB-B270-B3CCF417F2E2} = {8C926E33-4C5C-4296-A08F-DE15AAA062DA}
		{C28C08A1-A78C-4C1B-97E9-F3D232FBA858} = {0B766231-C411-4BBA-9A38-3BC69CA83D56}
		{CB541262-9B5D-4993-A61A-B0D768F01036} = {C28C08A1-A78C-4C1B-97E9-F3D232FBA858}
		{E4966242-677D-47E0-96A3-1AD3E107F571} = {C28C08A1-A78C-4C1B-97E9-F3D232FBA858}
		{C8DAE5FA-BF79-4625-9460-A8C95FB4ECB2} = {C28C08A1-A78C-4C1B-97E9-F3D232FBA858}
		{80DBD327-AC73-422F-824D-2163DD1F2CB2} = {C28C08A1-A78C-4C1B-97E9-F3D232FBA858}
		{6B55DC0E-9CA8-4E10-9A07-700B713B4910} = {C28C08A1-A78C-4C1B-97E9-F3D232FBA858}
		{71AF75D9-9583-4B1D-9A83-74931276A6D1} = {C28C08A1-A78C-4C1B-97E9-F3D232FBA858}
		{1BEFC4D7-36DE-4671-AFF5-33BF71FCFB07} = {0B766231-C411-4BBA-9A38-3BC69CA83D56}
		{EF46E63F-5264-453F-81A8-257BB238107B} = {1BEFC4D7-36DE-4671-AFF5-33BF71FCFB07}
		{4ED2AEDF-F966-4EBA-ADC3-C75B3E0B8ABF} = {1BEFC4D7-36DE-4671-AFF5-33BF71FCFB07}
		{98D61FD9-10BA-4926-8769-85E55163CEF2} = {1BEFC4D7-36DE-4671-AFF5-33BF71FCFB07}
		{26AE2745-7751-4698-AD47-8BA6B51CD0D9} = {1BEFC4D7-36DE-4671-AFF5-33BF71FCFB07}
		{77B204F4-B6F7-4B61-98BA-D951209348B5} = {1BEFC4D7-36DE-4671-AFF5-33BF71FCFB07}
		{B636D5AB-7490-4502-BC80-6D4EEB18A347} = {1BEFC4D7-36DE-4671-AFF5-33BF71FCFB07}
		{3498BADB-486A-4BE3-A474-4D839CF3BE11} = {0B766231-C411-4BBA-9A38-3BC69CA83D56}
		{704BE532-C8BB-4801-99BE-B12EBC9E2458} = {3498BADB-486A-4BE3-A474-4D839CF3BE11}
		{4A2F85A3-282D-487F-8C72-ABDC78FDD1F1} = {3498BADB-486A-4BE3-A474-4D839CF3BE11}
		{6F822767-658F-4D00-A55D-4E5F7726C9F4} = {3498BADB-486A-4BE3-A474-4D839CF3BE11}
		{084EADFC-A9E4-4DA3-AEDD-0B401537E5D2} = {3498BADB-486A-4BE3-A474-4D839CF3BE11}
		{8230B297-A12C-4976-A48C-E1FEAF9277AB} = {3498BADB-486A-4BE3-A474-4D839CF3BE11}
		{ADD27A42-E7FB-47FB-934B-9DEB6E8F1206} = {3498BADB-486A-4BE3-A474-4D839CF3BE11}
	EndGlobalSection
	GlobalSection(ExtensibilityGlobals) = postSolution
		SolutionGuid = {DAD5B3A2-F0CE-4F86-AADC-8EFFB7195955}
	EndGlobalSection
EndGlobal
