
Microsoft Visual Studio Solution File, Format Version 12.00
# Visual Studio 15
VisualStudioVersion = 15.0.28307.168
MinimumVisualStudioVersion = 10.0.40219.1
Project("{9A19103F-16F7-4668-BE54-9A1E7A4F7556}") = "TL.Engine", "TL.Engine\TL.Engine.csproj", "{E0BF139D-174D-4F9A-8CC6-735BDD7961B3}"
EndProject
Project("{2150E333-8FDC-42A3-9474-1A3956D46DE8}") = "Account", "Account", "{8C926E33-4C5C-4296-A08F-DE15AAA062DA}"
EndProject
Project("{9A19103F-16F7-4668-BE54-9A1E7A4F7556}") = "TL.Account.Web", "TL.Extensions\Account\TL.Account.Web\TL.Account.Web.csproj", "{6A2F06B3-296A-456A-A2B6-399CBD3023FD}"
EndProject
Project("{9A19103F-16F7-4668-BE54-9A1E7A4F7556}") = "TL.Account.Data.Entities", "TL.Extensions\Account\TL.Account.Data.Entities\TL.Account.Data.Entities.csproj", "{560BC61C-B6F4-44C1-93AE-5E91A3717715}"
EndProject
Project("{9A19103F-16F7-4668-BE54-9A1E7A4F7556}") = "TL.Account.Data.Abstractions", "TL.Extensions\Account\TL.Account.Data.Abstractions\TL.Account.Data.Abstractions.csproj", "{9C9833F1-628A-4227-B101-5A67D11BAB66}"
EndProject
Project("{9A19103F-16F7-4668-BE54-9A1E7A4F7556}") = "TL.Account.Data.EntityFramework", "TL.Extensions\Account\TL.Account.Data.EntityFramework\TL.Account.Data.EntityFramework.csproj", "{485724F1-5A41-4171-BB38-7BC364B98ECA}"
EndProject
Project("{9A19103F-16F7-4668-BE54-9A1E7A4F7556}") = "TL.Account.Data", "TL.Extensions\Account\TL.Account.Data\TL.Account.Data.csproj", "{153661B5-5F66-4688-8520-6A221C86EFF9}"
EndProject
Project("{9A19103F-16F7-4668-BE54-9A1E7A4F7556}") = "TL.Engine.Web", "TL.Extensions\Engine\TL.Engine.Web\TL.Engine.Web.csproj", "{8E78EBF9-9C6B-42A4-8098-003898C86005}"
EndProject
Project("{9A19103F-16F7-4668-BE54-9A1E7A4F7556}") = "TL.Engine.Data", "TL.Extensions\Engine\TL.Engine.Data\TL.Engine.Data.csproj", "{8066AA03-CDF7-4C65-98E2-F9302A4212E2}"
EndProject
Project("{9A19103F-16F7-4668-BE54-9A1E7A4F7556}") = "TL.Engine.Data.Entities", "TL.Extensions\Engine\TL.Engine.Data.Entities\TL.Engine.Data.Entities.csproj", "{8B10F36C-71A9-4469-A4B0-CB6091B1EE9B}"
EndProject
Project("{9A19103F-16F7-4668-BE54-9A1E7A4F7556}") = "TL.Engine.Data.Abstractions", "TL.Extensions\Engine\TL.Engine.Data.Abstractions\TL.Engine.Data.Abstractions.csproj", "{97E6C6FB-9090-436E-AD38-38CC9EA89220}"
EndProject
Project("{9A19103F-16F7-4668-BE54-9A1E7A4F7556}") = "TL.Engine.Data.EntityFramework", "TL.Extensions\Engine\TL.Engine.Data.EntityFramework\TL.Engine.Data.EntityFramework.csproj", "{E940C038-59D5-4172-8919-C3E0C1CB526C}"
EndProject
Project("{2150E333-8FDC-42A3-9474-1A3956D46DE8}") = "Modules", "Modules", "{0B766231-C411-4BBA-9A38-3BC69CA83D56}"
EndProject
Project("{9A19103F-16F7-4668-BE54-9A1E7A4F7556}") = "TL.Account", "TL.Extensions\Account\TL.Account\TL.Account.csproj", "{F775447B-6FD3-45AB-B270-B3CCF417F2E2}"
EndProject
Project("{9A19103F-16F7-4668-BE54-9A1E7A4F7556}") = "TL.Engine.SDK", "TL.Extensions\Engine\TL.Engine.SDK\TL.Engine.SDK.csproj", "{50080C53-8390-4610-A951-918C481E8820}"
EndProject
Project("{2150E333-8FDC-42A3-9474-1A3956D46DE8}") = "Api", "Api", "{C28C08A1-A78C-4C1B-97E9-F3D232FBA858}"
EndProject
Project("{9A19103F-16F7-4668-BE54-9A1E7A4F7556}") = "TL.Api.Data.Entities", "TL.Extensions\Api\TL.Api.Data.Entities\TL.Api.Data.Entities.csproj", "{CB541262-9B5D-4993-A61A-B0D768F01036}"
EndProject
Project("{9A19103F-16F7-4668-BE54-9A1E7A4F7556}") = "TL.Api.Data.Abstractions", "TL.Extensions\Api\TL.Api.Data.Abstractions\TL.Api.Data.Abstractions.csproj", "{E4966242-677D-47E0-96A3-1AD3E107F571}"
EndProject
Project("{9A19103F-16F7-4668-BE54-9A1E7A4F7556}") = "TL.Api.Data.EntityFramework", "TL.Extensions\Api\TL.Api.Data.EntityFramework\TL.Api.Data.EntityFramework.csproj", "{C8DAE5FA-BF79-4625-9460-A8C95FB4ECB2}"
EndProject
Project("{9A19103F-16F7-4668-BE54-9A1E7A4F7556}") = "TL.Api.Data", "TL.Extensions\Api\TL.Api.Data\TL.Api.Data.csproj", "{80DBD327-AC73-422F-824D-2163DD1F2CB2}"
EndProject
Project("{9A19103F-16F7-4668-BE54-9A1E7A4F7556}") = "TL.Api.Web", "TL.Extensions\Api\TL.Api.Web\TL.Api.Web.csproj", "{6B55DC0E-9CA8-4E10-9A07-700B713B4910}"
EndProject
Project("{9A19103F-16F7-4668-BE54-9A1E7A4F7556}") = "TL.Api", "TL.Extensions\Api\TL.Api\TL.Api.csproj", "{71AF75D9-9583-4B1D-9A83-74931276A6D1}"
EndProject
Project("{2150E333-8FDC-42A3-9474-1A3956D46DE8}") = "Engine", "Engine", "{2490AE47-A520-43B3-926F-23383C1EC299}"
EndProject
Project("{2150E333-8FDC-42A3-9474-1A3956D46DE8}") = "SDK", "SDK", "{092B8E1E-C647-4C2F-B5CC-7711CD7AB301}"
EndProject
Project("{2150E333-8FDC-42A3-9474-1A3956D46DE8}") = "Core", "Core", "{088D2108-C6D4-4D7E-AFDE-7308D45CB162}"
EndProject
Project("{2150E333-8FDC-42A3-9474-1A3956D46DE8}") = "Integrations", "Integrations", "{DAF2BD16-CF03-4276-A342-540572166F7A}"
EndProject
Project("{9A19103F-16F7-4668-BE54-9A1E7A4F7556}") = "TL.Integrations.Data.Entities", "TL.Extensions\Integrations\TL.Integrations.Data.Entities\TL.Integrations.Data.Entities.csproj", "{CDACD8E5-8B0C-4673-A902-2A9931A95429}"
EndProject
Project("{9A19103F-16F7-4668-BE54-9A1E7A4F7556}") = "TL.Integrations.Data.Abstractions", "TL.Extensions\Integrations\TL.Integrations.Data.Abstractions\TL.Integrations.Data.Abstractions.csproj", "{02D35E86-4700-4BE5-A464-1984B365DA3B}"
EndProject
Project("{9A19103F-16F7-4668-BE54-9A1E7A4F7556}") = "TL.Integrations.Data.EntityFramework", "TL.Extensions\Integrations\TL.Integrations.Data.EntityFramework\TL.Integrations.Data.EntityFramework.csproj", "{D0D471DE-03A1-437A-9DFC-AEBB6D01A03B}"
EndProject
Project("{9A19103F-16F7-4668-BE54-9A1E7A4F7556}") = "TL.Integrations.Data", "TL.Extensions\Integrations\TL.Integrations.Data\TL.Integrations.Data.csproj", "{7A5E2605-F612-4EA8-9005-BC243C444088}"
EndProject
Project("{9A19103F-16F7-4668-BE54-9A1E7A4F7556}") = "TL.Integrations.Web", "TL.Extensions\Integrations\TL.Integrations.Web\TL.Integrations.Web.csproj", "{0D35EF73-B577-46A0-B6A6-D873EA0B68E6}"
EndProject
Project("{9A19103F-16F7-4668-BE54-9A1E7A4F7556}") = "TL.Integrations", "TL.Extensions\Integrations\TL.Integrations\TL.Integrations.csproj", "{0358DCCD-CC25-460C-8BB8-1D889AD8DB15}"
EndProject
Project("{9A19103F-16F7-4668-BE54-9A1E7A4F7556}") = "TL.Integrations.Telegram", "TL.Extensions\Integrations\TL.Integrations.Telegram\TL.Integrations.Telegram.csproj", "{595065FC-EEA6-43F8-8254-3F71618CEEE4}"
EndProject
Project("{2150E333-8FDC-42A3-9474-1A3956D46DE8}") = "Crm", "Crm", "{9B736275-8C18-47F4-B99E-CC19A31159D5}"
EndProject
Project("{9A19103F-16F7-4668-BE54-9A1E7A4F7556}") = "TL.Crm.Data.Entities", "TL.Extensions\Crm\TL.Crm.Data.Entities\TL.Crm.Data.Entities.csproj", "{8CFC90B0-9A96-4BFB-9B94-A0945D78C586}"
EndProject
Project("{9A19103F-16F7-4668-BE54-9A1E7A4F7556}") = "TL.Crm.Data.Abstractions", "TL.Extensions\Crm\TL.Crm.Data.Abstractions\TL.Crm.Data.Abstractions.csproj", "{609738C3-0C2B-4837-9ADF-FEABCFC0B1CF}"
EndProject
Project("{9A19103F-16F7-4668-BE54-9A1E7A4F7556}") = "TL.Crm.Data.EntityFramework", "TL.Extensions\Crm\TL.Crm.Data.EntityFramework\TL.Crm.Data.EntityFramework.csproj", "{35D3E818-88F9-4077-B54E-3F9507F12A00}"
EndProject
Project("{9A19103F-16F7-4668-BE54-9A1E7A4F7556}") = "TL.Crm.Data", "TL.Extensions\Crm\TL.Crm.Data\TL.Crm.Data.csproj", "{1C47D9B8-5C11-4AE3-84DC-F7412455A44C}"
EndProject
Project("{9A19103F-16F7-4668-BE54-9A1E7A4F7556}") = "TL.Crm.Web", "TL.Extensions\Crm\TL.Crm.Web\TL.Crm.Web.csproj", "{11BB8D2A-C1B3-45B6-A690-35F6634993A3}"
EndProject
Project("{9A19103F-16F7-4668-BE54-9A1E7A4F7556}") = "TL.Crm", "TL.Extensions\Crm\TL.Crm\TL.Crm.csproj", "{6D8A4D93-D0FB-4743-AD81-A91A6E6EE63A}"
EndProject
Project("{FAE04EC0-301F-11D3-BF4B-00C04F79EFBC}") = "TL.Crm.Telegram", "TL.Extensions\Crm\TL.Crm.Telegram\TL.Crm.Telegram.csproj", "{4C1D9E45-C7E7-4D08-A42D-077FC8B19D69}"
EndProject
Global
	GlobalSection(SolutionConfigurationPlatforms) = preSolution
		Debug|Any CPU = Debug|Any CPU
		Release|Any CPU = Release|Any CPU
	EndGlobalSection
	GlobalSection(ProjectConfigurationPlatforms) = postSolution
		{E0BF139D-174D-4F9A-8CC6-735BDD7961B3}.Debug|Any CPU.ActiveCfg = Debug|Any CPU
		{E0BF139D-174D-4F9A-8CC6-735BDD7961B3}.Debug|Any CPU.Build.0 = Debug|Any CPU
		{E0BF139D-174D-4F9A-8CC6-735BDD7961B3}.Release|Any CPU.ActiveCfg = Release|Any CPU
		{E0BF139D-174D-4F9A-8CC6-735BDD7961B3}.Release|Any CPU.Build.0 = Release|Any CPU
		{6A2F06B3-296A-456A-A2B6-399CBD3023FD}.Debug|Any CPU.ActiveCfg = Debug|Any CPU
		{6A2F06B3-296A-456A-A2B6-399CBD3023FD}.Debug|Any CPU.Build.0 = Debug|Any CPU
		{6A2F06B3-296A-456A-A2B6-399CBD3023FD}.Release|Any CPU.ActiveCfg = Release|Any CPU
		{6A2F06B3-296A-456A-A2B6-399CBD3023FD}.Release|Any CPU.Build.0 = Release|Any CPU
		{560BC61C-B6F4-44C1-93AE-5E91A3717715}.Debug|Any CPU.ActiveCfg = Debug|Any CPU
		{560BC61C-B6F4-44C1-93AE-5E91A3717715}.Debug|Any CPU.Build.0 = Debug|Any CPU
		{560BC61C-B6F4-44C1-93AE-5E91A3717715}.Release|Any CPU.ActiveCfg = Release|Any CPU
		{560BC61C-B6F4-44C1-93AE-5E91A3717715}.Release|Any CPU.Build.0 = Release|Any CPU
		{9C9833F1-628A-4227-B101-5A67D11BAB66}.Debug|Any CPU.ActiveCfg = Debug|Any CPU
		{9C9833F1-628A-4227-B101-5A67D11BAB66}.Debug|Any CPU.Build.0 = Debug|Any CPU
		{9C9833F1-628A-4227-B101-5A67D11BAB66}.Release|Any CPU.ActiveCfg = Release|Any CPU
		{9C9833F1-628A-4227-B101-5A67D11BAB66}.Release|Any CPU.Build.0 = Release|Any CPU
		{485724F1-5A41-4171-BB38-7BC364B98ECA}.Debug|Any CPU.ActiveCfg = Debug|Any CPU
		{485724F1-5A41-4171-BB38-7BC364B98ECA}.Debug|Any CPU.Build.0 = Debug|Any CPU
		{485724F1-5A41-4171-BB38-7BC364B98ECA}.Release|Any CPU.ActiveCfg = Release|Any CPU
		{485724F1-5A41-4171-BB38-7BC364B98ECA}.Release|Any CPU.Build.0 = Release|Any CPU
		{153661B5-5F66-4688-8520-6A221C86EFF9}.Debug|Any CPU.ActiveCfg = Debug|Any CPU
		{153661B5-5F66-4688-8520-6A221C86EFF9}.Debug|Any CPU.Build.0 = Debug|Any CPU
		{153661B5-5F66-4688-8520-6A221C86EFF9}.Release|Any CPU.ActiveCfg = Release|Any CPU
		{153661B5-5F66-4688-8520-6A221C86EFF9}.Release|Any CPU.Build.0 = Release|Any CPU
		{8E78EBF9-9C6B-42A4-8098-003898C86005}.Debug|Any CPU.ActiveCfg = Debug|Any CPU
		{8E78EBF9-9C6B-42A4-8098-003898C86005}.Debug|Any CPU.Build.0 = Debug|Any CPU
		{8E78EBF9-9C6B-42A4-8098-003898C86005}.Release|Any CPU.ActiveCfg = Release|Any CPU
		{8E78EBF9-9C6B-42A4-8098-003898C86005}.Release|Any CPU.Build.0 = Release|Any CPU
		{8066AA03-CDF7-4C65-98E2-F9302A4212E2}.Debug|Any CPU.ActiveCfg = Debug|Any CPU
		{8066AA03-CDF7-4C65-98E2-F9302A4212E2}.Debug|Any CPU.Build.0 = Debug|Any CPU
		{8066AA03-CDF7-4C65-98E2-F9302A4212E2}.Release|Any CPU.ActiveCfg = Release|Any CPU
		{8066AA03-CDF7-4C65-98E2-F9302A4212E2}.Release|Any CPU.Build.0 = Release|Any CPU
		{8B10F36C-71A9-4469-A4B0-CB6091B1EE9B}.Debug|Any CPU.ActiveCfg = Debug|Any CPU
		{8B10F36C-71A9-4469-A4B0-CB6091B1EE9B}.Debug|Any CPU.Build.0 = Debug|Any CPU
		{8B10F36C-71A9-4469-A4B0-CB6091B1EE9B}.Release|Any CPU.ActiveCfg = Release|Any CPU
		{8B10F36C-71A9-4469-A4B0-CB6091B1EE9B}.Release|Any CPU.Build.0 = Release|Any CPU
		{97E6C6FB-9090-436E-AD38-38CC9EA89220}.Debug|Any CPU.ActiveCfg = Debug|Any CPU
		{97E6C6FB-9090-436E-AD38-38CC9EA89220}.Debug|Any CPU.Build.0 = Debug|Any CPU
		{97E6C6FB-9090-436E-AD38-38CC9EA89220}.Release|Any CPU.ActiveCfg = Release|Any CPU
		{97E6C6FB-9090-436E-AD38-38CC9EA89220}.Release|Any CPU.Build.0 = Release|Any CPU
		{E940C038-59D5-4172-8919-C3E0C1CB526C}.Debug|Any CPU.ActiveCfg = Debug|Any CPU
		{E940C038-59D5-4172-8919-C3E0C1CB526C}.Debug|Any CPU.Build.0 = Debug|Any CPU
		{E940C038-59D5-4172-8919-C3E0C1CB526C}.Release|Any CPU.ActiveCfg = Release|Any CPU
		{E940C038-59D5-4172-8919-C3E0C1CB526C}.Release|Any CPU.Build.0 = Release|Any CPU
		{F775447B-6FD3-45AB-B270-B3CCF417F2E2}.Debug|Any CPU.ActiveCfg = Debug|Any CPU
		{F775447B-6FD3-45AB-B270-B3CCF417F2E2}.Debug|Any CPU.Build.0 = Debug|Any CPU
		{F775447B-6FD3-45AB-B270-B3CCF417F2E2}.Release|Any CPU.ActiveCfg = Release|Any CPU
		{F775447B-6FD3-45AB-B270-B3CCF417F2E2}.Release|Any CPU.Build.0 = Release|Any CPU
		{50080C53-8390-4610-A951-918C481E8820}.Debug|Any CPU.ActiveCfg = Debug|Any CPU
		{50080C53-8390-4610-A951-918C481E8820}.Debug|Any CPU.Build.0 = Debug|Any CPU
		{50080C53-8390-4610-A951-918C481E8820}.Release|Any CPU.ActiveCfg = Release|Any CPU
		{50080C53-8390-4610-A951-918C481E8820}.Release|Any CPU.Build.0 = Release|Any CPU
		{CB541262-9B5D-4993-A61A-B0D768F01036}.Debug|Any CPU.ActiveCfg = Debug|Any CPU
		{CB541262-9B5D-4993-A61A-B0D768F01036}.Debug|Any CPU.Build.0 = Debug|Any CPU
		{CB541262-9B5D-4993-A61A-B0D768F01036}.Release|Any CPU.ActiveCfg = Release|Any CPU
		{CB541262-9B5D-4993-A61A-B0D768F01036}.Release|Any CPU.Build.0 = Release|Any CPU
		{E4966242-677D-47E0-96A3-1AD3E107F571}.Debug|Any CPU.ActiveCfg = Debug|Any CPU
		{E4966242-677D-47E0-96A3-1AD3E107F571}.Debug|Any CPU.Build.0 = Debug|Any CPU
		{E4966242-677D-47E0-96A3-1AD3E107F571}.Release|Any CPU.ActiveCfg = Release|Any CPU
		{E4966242-677D-47E0-96A3-1AD3E107F571}.Release|Any CPU.Build.0 = Release|Any CPU
		{C8DAE5FA-BF79-4625-9460-A8C95FB4ECB2}.Debug|Any CPU.ActiveCfg = Debug|Any CPU
		{C8DAE5FA-BF79-4625-9460-A8C95FB4ECB2}.Debug|Any CPU.Build.0 = Debug|Any CPU
		{C8DAE5FA-BF79-4625-9460-A8C95FB4ECB2}.Release|Any CPU.ActiveCfg = Release|Any CPU
		{C8DAE5FA-BF79-4625-9460-A8C95FB4ECB2}.Release|Any CPU.Build.0 = Release|Any CPU
		{80DBD327-AC73-422F-824D-2163DD1F2CB2}.Debug|Any CPU.ActiveCfg = Debug|Any CPU
		{80DBD327-AC73-422F-824D-2163DD1F2CB2}.Debug|Any CPU.Build.0 = Debug|Any CPU
		{80DBD327-AC73-422F-824D-2163DD1F2CB2}.Release|Any CPU.ActiveCfg = Release|Any CPU
		{80DBD327-AC73-422F-824D-2163DD1F2CB2}.Release|Any CPU.Build.0 = Release|Any CPU
		{6B55DC0E-9CA8-4E10-9A07-700B713B4910}.Debug|Any CPU.ActiveCfg = Debug|Any CPU
		{6B55DC0E-9CA8-4E10-9A07-700B713B4910}.Debug|Any CPU.Build.0 = Debug|Any CPU
		{6B55DC0E-9CA8-4E10-9A07-700B713B4910}.Release|Any CPU.ActiveCfg = Release|Any CPU
		{6B55DC0E-9CA8-4E10-9A07-700B713B4910}.Release|Any CPU.Build.0 = Release|Any CPU
		{71AF75D9-9583-4B1D-9A83-74931276A6D1}.Debug|Any CPU.ActiveCfg = Debug|Any CPU
		{71AF75D9-9583-4B1D-9A83-74931276A6D1}.Debug|Any CPU.Build.0 = Debug|Any CPU
		{71AF75D9-9583-4B1D-9A83-74931276A6D1}.Release|Any CPU.ActiveCfg = Release|Any CPU
		{71AF75D9-9583-4B1D-9A83-74931276A6D1}.Release|Any CPU.Build.0 = Release|Any CPU
		{CDACD8E5-8B0C-4673-A902-2A9931A95429}.Debug|Any CPU.ActiveCfg = Debug|Any CPU
		{CDACD8E5-8B0C-4673-A902-2A9931A95429}.Debug|Any CPU.Build.0 = Debug|Any CPU
		{CDACD8E5-8B0C-4673-A902-2A9931A95429}.Release|Any CPU.ActiveCfg = Release|Any CPU
		{CDACD8E5-8B0C-4673-A902-2A9931A95429}.Release|Any CPU.Build.0 = Release|Any CPU
		{02D35E86-4700-4BE5-A464-1984B365DA3B}.Debug|Any CPU.ActiveCfg = Debug|Any CPU
		{02D35E86-4700-4BE5-A464-1984B365DA3B}.Debug|Any CPU.Build.0 = Debug|Any CPU
		{02D35E86-4700-4BE5-A464-1984B365DA3B}.Release|Any CPU.ActiveCfg = Release|Any CPU
		{02D35E86-4700-4BE5-A464-1984B365DA3B}.Release|Any CPU.Build.0 = Release|Any CPU
		{D0D471DE-03A1-437A-9DFC-AEBB6D01A03B}.Debug|Any CPU.ActiveCfg = Debug|Any CPU
		{D0D471DE-03A1-437A-9DFC-AEBB6D01A03B}.Debug|Any CPU.Build.0 = Debug|Any CPU
		{D0D471DE-03A1-437A-9DFC-AEBB6D01A03B}.Release|Any CPU.ActiveCfg = Release|Any CPU
		{D0D471DE-03A1-437A-9DFC-AEBB6D01A03B}.Release|Any CPU.Build.0 = Release|Any CPU
		{7A5E2605-F612-4EA8-9005-BC243C444088}.Debug|Any CPU.ActiveCfg = Debug|Any CPU
		{7A5E2605-F612-4EA8-9005-BC243C444088}.Debug|Any CPU.Build.0 = Debug|Any CPU
		{7A5E2605-F612-4EA8-9005-BC243C444088}.Release|Any CPU.ActiveCfg = Release|Any CPU
		{7A5E2605-F612-4EA8-9005-BC243C444088}.Release|Any CPU.Build.0 = Release|Any CPU
		{0D35EF73-B577-46A0-B6A6-D873EA0B68E6}.Debug|Any CPU.ActiveCfg = Debug|Any CPU
		{0D35EF73-B577-46A0-B6A6-D873EA0B68E6}.Debug|Any CPU.Build.0 = Debug|Any CPU
		{0D35EF73-B577-46A0-B6A6-D873EA0B68E6}.Release|Any CPU.ActiveCfg = Release|Any CPU
		{0D35EF73-B577-46A0-B6A6-D873EA0B68E6}.Release|Any CPU.Build.0 = Release|Any CPU
		{0358DCCD-CC25-460C-8BB8-1D889AD8DB15}.Debug|Any CPU.ActiveCfg = Debug|Any CPU
		{0358DCCD-CC25-460C-8BB8-1D889AD8DB15}.Debug|Any CPU.Build.0 = Debug|Any CPU
		{0358DCCD-CC25-460C-8BB8-1D889AD8DB15}.Release|Any CPU.ActiveCfg = Release|Any CPU
		{0358DCCD-CC25-460C-8BB8-1D889AD8DB15}.Release|Any CPU.Build.0 = Release|Any CPU
		{595065FC-EEA6-43F8-8254-3F71618CEEE4}.Debug|Any CPU.ActiveCfg = Debug|Any CPU
		{595065FC-EEA6-43F8-8254-3F71618CEEE4}.Debug|Any CPU.Build.0 = Debug|Any CPU
		{595065FC-EEA6-43F8-8254-3F71618CEEE4}.Release|Any CPU.ActiveCfg = Release|Any CPU
		{595065FC-EEA6-43F8-8254-3F71618CEEE4}.Release|Any CPU.Build.0 = Release|Any CPU
		{8CFC90B0-9A96-4BFB-9B94-A0945D78C586}.Debug|Any CPU.ActiveCfg = Debug|Any CPU
		{8CFC90B0-9A96-4BFB-9B94-A0945D78C586}.Debug|Any CPU.Build.0 = Debug|Any CPU
		{8CFC90B0-9A96-4BFB-9B94-A0945D78C586}.Release|Any CPU.ActiveCfg = Release|Any CPU
		{8CFC90B0-9A96-4BFB-9B94-A0945D78C586}.Release|Any CPU.Build.0 = Release|Any CPU
		{609738C3-0C2B-4837-9ADF-FEABCFC0B1CF}.Debug|Any CPU.ActiveCfg = Debug|Any CPU
		{609738C3-0C2B-4837-9ADF-FEABCFC0B1CF}.Debug|Any CPU.Build.0 = Debug|Any CPU
		{609738C3-0C2B-4837-9ADF-FEABCFC0B1CF}.Release|Any CPU.ActiveCfg = Release|Any CPU
		{609738C3-0C2B-4837-9ADF-FEABCFC0B1CF}.Release|Any CPU.Build.0 = Release|Any CPU
		{35D3E818-88F9-4077-B54E-3F9507F12A00}.Debug|Any CPU.ActiveCfg = Debug|Any CPU
		{35D3E818-88F9-4077-B54E-3F9507F12A00}.Debug|Any CPU.Build.0 = Debug|Any CPU
		{35D3E818-88F9-4077-B54E-3F9507F12A00}.Release|Any CPU.ActiveCfg = Release|Any CPU
		{35D3E818-88F9-4077-B54E-3F9507F12A00}.Release|Any CPU.Build.0 = Release|Any CPU
		{1C47D9B8-5C11-4AE3-84DC-F7412455A44C}.Debug|Any CPU.ActiveCfg = Debug|Any CPU
		{1C47D9B8-5C11-4AE3-84DC-F7412455A44C}.Debug|Any CPU.Build.0 = Debug|Any CPU
		{1C47D9B8-5C11-4AE3-84DC-F7412455A44C}.Release|Any CPU.ActiveCfg = Release|Any CPU
		{1C47D9B8-5C11-4AE3-84DC-F7412455A44C}.Release|Any CPU.Build.0 = Release|Any CPU
		{11BB8D2A-C1B3-45B6-A690-35F6634993A3}.Debug|Any CPU.ActiveCfg = Debug|Any CPU
		{11BB8D2A-C1B3-45B6-A690-35F6634993A3}.Debug|Any CPU.Build.0 = Debug|Any CPU
		{11BB8D2A-C1B3-45B6-A690-35F6634993A3}.Release|Any CPU.ActiveCfg = Release|Any CPU
		{11BB8D2A-C1B3-45B6-A690-35F6634993A3}.Release|Any CPU.Build.0 = Release|Any CPU
		{6D8A4D93-D0FB-4743-AD81-A91A6E6EE63A}.Debug|Any CPU.ActiveCfg = Debug|Any CPU
		{6D8A4D93-D0FB-4743-AD81-A91A6E6EE63A}.Debug|Any CPU.Build.0 = Debug|Any CPU
		{6D8A4D93-D0FB-4743-AD81-A91A6E6EE63A}.Release|Any CPU.ActiveCfg = Release|Any CPU
		{6D8A4D93-D0FB-4743-AD81-A91A6E6EE63A}.Release|Any CPU.Build.0 = Release|Any CPU
		{4C1D9E45-C7E7-4D08-A42D-077FC8B19D69}.Debug|Any CPU.ActiveCfg = Debug|Any CPU
		{4C1D9E45-C7E7-4D08-A42D-077FC8B19D69}.Debug|Any CPU.Build.0 = Debug|Any CPU
		{4C1D9E45-C7E7-4D08-A42D-077FC8B19D69}.Release|Any CPU.ActiveCfg = Release|Any CPU
		{4C1D9E45-C7E7-4D08-A42D-077FC8B19D69}.Release|Any CPU.Build.0 = Release|Any CPU
	EndGlobalSection
	GlobalSection(SolutionProperties) = preSolution
		HideSolutionNode = FALSE
	EndGlobalSection
	GlobalSection(NestedProjects) = preSolution
		{E0BF139D-174D-4F9A-8CC6-735BDD7961B3} = {088D2108-C6D4-4D7E-AFDE-7308D45CB162}
		{8C926E33-4C5C-4296-A08F-DE15AAA062DA} = {0B766231-C411-4BBA-9A38-3BC69CA83D56}
		{6A2F06B3-296A-456A-A2B6-399CBD3023FD} = {8C926E33-4C5C-4296-A08F-DE15AAA062DA}
		{560BC61C-B6F4-44C1-93AE-5E91A3717715} = {8C926E33-4C5C-4296-A08F-DE15AAA062DA}
		{9C9833F1-628A-4227-B101-5A67D11BAB66} = {8C926E33-4C5C-4296-A08F-DE15AAA062DA}
		{485724F1-5A41-4171-BB38-7BC364B98ECA} = {8C926E33-4C5C-4296-A08F-DE15AAA062DA}
		{153661B5-5F66-4688-8520-6A221C86EFF9} = {8C926E33-4C5C-4296-A08F-DE15AAA062DA}
		{8E78EBF9-9C6B-42A4-8098-003898C86005} = {2490AE47-A520-43B3-926F-23383C1EC299}
		{8066AA03-CDF7-4C65-98E2-F9302A4212E2} = {2490AE47-A520-43B3-926F-23383C1EC299}
		{8B10F36C-71A9-4469-A4B0-CB6091B1EE9B} = {2490AE47-A520-43B3-926F-23383C1EC299}
		{97E6C6FB-9090-436E-AD38-38CC9EA89220} = {2490AE47-A520-43B3-926F-23383C1EC299}
		{E940C038-59D5-4172-8919-C3E0C1CB526C} = {2490AE47-A520-43B3-926F-23383C1EC299}
		{F775447B-6FD3-45AB-B270-B3CCF417F2E2} = {8C926E33-4C5C-4296-A08F-DE15AAA062DA}
		{50080C53-8390-4610-A951-918C481E8820} = {092B8E1E-C647-4C2F-B5CC-7711CD7AB301}
		{C28C08A1-A78C-4C1B-97E9-F3D232FBA858} = {0B766231-C411-4BBA-9A38-3BC69CA83D56}
		{CB541262-9B5D-4993-A61A-B0D768F01036} = {C28C08A1-A78C-4C1B-97E9-F3D232FBA858}
		{E4966242-677D-47E0-96A3-1AD3E107F571} = {C28C08A1-A78C-4C1B-97E9-F3D232FBA858}
		{C8DAE5FA-BF79-4625-9460-A8C95FB4ECB2} = {C28C08A1-A78C-4C1B-97E9-F3D232FBA858}
		{80DBD327-AC73-422F-824D-2163DD1F2CB2} = {C28C08A1-A78C-4C1B-97E9-F3D232FBA858}
		{6B55DC0E-9CA8-4E10-9A07-700B713B4910} = {C28C08A1-A78C-4C1B-97E9-F3D232FBA858}
		{71AF75D9-9583-4B1D-9A83-74931276A6D1} = {C28C08A1-A78C-4C1B-97E9-F3D232FBA858}
		{DAF2BD16-CF03-4276-A342-540572166F7A} = {0B766231-C411-4BBA-9A38-3BC69CA83D56}
		{CDACD8E5-8B0C-4673-A902-2A9931A95429} = {DAF2BD16-CF03-4276-A342-540572166F7A}
		{02D35E86-4700-4BE5-A464-1984B365DA3B} = {DAF2BD16-CF03-4276-A342-540572166F7A}
		{D0D471DE-03A1-437A-9DFC-AEBB6D01A03B} = {DAF2BD16-CF03-4276-A342-540572166F7A}
		{7A5E2605-F612-4EA8-9005-BC243C444088} = {DAF2BD16-CF03-4276-A342-540572166F7A}
		{0D35EF73-B577-46A0-B6A6-D873EA0B68E6} = {DAF2BD16-CF03-4276-A342-540572166F7A}
		{0358DCCD-CC25-460C-8BB8-1D889AD8DB15} = {DAF2BD16-CF03-4276-A342-540572166F7A}
		{595065FC-EEA6-43F8-8254-3F71618CEEE4} = {DAF2BD16-CF03-4276-A342-540572166F7A}
		{9B736275-8C18-47F4-B99E-CC19A31159D5} = {0B766231-C411-4BBA-9A38-3BC69CA83D56}
		{8CFC90B0-9A96-4BFB-9B94-A0945D78C586} = {9B736275-8C18-47F4-B99E-CC19A31159D5}
		{609738C3-0C2B-4837-9ADF-FEABCFC0B1CF} = {9B736275-8C18-47F4-B99E-CC19A31159D5}
		{35D3E818-88F9-4077-B54E-3F9507F12A00} = {9B736275-8C18-47F4-B99E-CC19A31159D5}
		{1C47D9B8-5C11-4AE3-84DC-F7412455A44C} = {9B736275-8C18-47F4-B99E-CC19A31159D5}
		{11BB8D2A-C1B3-45B6-A690-35F6634993A3} = {9B736275-8C18-47F4-B99E-CC19A31159D5}
		{6D8A4D93-D0FB-4743-AD81-A91A6E6EE63A} = {9B736275-8C18-47F4-B99E-CC19A31159D5}
		{4C1D9E45-C7E7-4D08-A42D-077FC8B19D69} = {9B736275-8C18-47F4-B99E-CC19A31159D5}
	EndGlobalSection
	GlobalSection(ExtensibilityGlobals) = postSolution
		SolutionGuid = {DAD5B3A2-F0CE-4F86-AADC-8EFFB7195955}
	EndGlobalSection
EndGlobal
